
Microsoft Visual Studio Solution File, Format Version 12.00
# Visual Studio 15
VisualStudioVersion = 15.0.27130.2020
MinimumVisualStudioVersion = 10.0.40219.1
Project("{9A19103F-16F7-4668-BE54-9A1E7A4F7556}") = "ChromelyAngularCefGlue", "ChromelyAngularCefGlue\ChromelyAngularCefGlue.csproj", "{70206926-DB8F-444B-B99C-6BAACEF19528}"
EndProject
Project("{9A19103F-16F7-4668-BE54-9A1E7A4F7556}") = "ChromelyAngularCefSharp", "ChromelyAngularCefSharp\ChromelyAngularCefSharp.csproj", "{6FC60CC7-C6E9-42A1-A88C-B1FBD2C37C18}"
EndProject
Global
	GlobalSection(SolutionConfigurationPlatforms) = preSolution
		Debug|x64 = Debug|x64
		Release|x64 = Release|x64
	EndGlobalSection
	GlobalSection(ProjectConfigurationPlatforms) = postSolution
		{70206926-DB8F-444B-B99C-6BAACEF19528}.Debug|x64.ActiveCfg = Debug|x64
		{70206926-DB8F-444B-B99C-6BAACEF19528}.Debug|x64.Build.0 = Debug|x64
		{70206926-DB8F-444B-B99C-6BAACEF19528}.Release|x64.ActiveCfg = Release|x64
		{70206926-DB8F-444B-B99C-6BAACEF19528}.Release|x64.Build.0 = Release|x64
		{6FC60CC7-C6E9-42A1-A88C-B1FBD2C37C18}.Debug|x64.ActiveCfg = Debug|x64
		{6FC60CC7-C6E9-42A1-A88C-B1FBD2C37C18}.Debug|x64.Build.0 = Debug|x64
		{6FC60CC7-C6E9-42A1-A88C-B1FBD2C37C18}.Release|x64.ActiveCfg = Release|x64
		{6FC60CC7-C6E9-42A1-A88C-B1FBD2C37C18}.Release|x64.Build.0 = Release|x64
	EndGlobalSection
	GlobalSection(SolutionProperties) = preSolution
		HideSolutionNode = FALSE
	EndGlobalSection
	GlobalSection(ExtensibilityGlobals) = postSolution
		SolutionGuid = {165A8023-0C7A-4BBA-8850-1DFDF779656C}
	EndGlobalSection
EndGlobal
