
Microsoft Visual Studio Solution File, Format Version 12.00
# Visual Studio 15
VisualStudioVersion = 15.0.27130.2020
MinimumVisualStudioVersion = 10.0.40219.1
Project("{FAE04EC0-301F-11D3-BF4B-00C04F79EFBC}") = "Chromely.CefGlue.Winapi.Demo", "Chromely.CefGlue.Winapi.Demo\Chromely.CefGlue.Winapi.Demo.csproj", "{3812D69C-40C6-4633-A818-B5D966FEFBA9}"
EndProject
Global
	GlobalSection(SolutionConfigurationPlatforms) = preSolution
		Debug|Any CPU = Debug|Any CPU
		Debug|x64 = Debug|x64
		Release|Any CPU = Release|Any CPU
		Release|x64 = Release|x64
	EndGlobalSection
	GlobalSection(ProjectConfigurationPlatforms) = postSolution
		{3812D69C-40C6-4633-A818-B5D966FEFBA9}.Debug|Any CPU.ActiveCfg = Debug|x64
		{3812D69C-40C6-4633-A818-B5D966FEFBA9}.Debug|x64.ActiveCfg = Debug|x64
		{3812D69C-40C6-4633-A818-B5D966FEFBA9}.Debug|x64.Build.0 = Debug|x64
		{3812D69C-40C6-4633-A818-B5D966FEFBA9}.Release|Any CPU.ActiveCfg = Release|x64
		{3812D69C-40C6-4633-A818-B5D966FEFBA9}.Release|x64.ActiveCfg = Release|x64
		{3812D69C-40C6-4633-A818-B5D966FEFBA9}.Release|x64.Build.0 = Release|x64
	EndGlobalSection
	GlobalSection(SolutionProperties) = preSolution
		HideSolutionNode = FALSE
	EndGlobalSection
	GlobalSection(ExtensibilityGlobals) = postSolution
		SolutionGuid = {2CCF4D59-0744-4D11-908B-EEF1351B65F3}
	EndGlobalSection
EndGlobal
