
Microsoft Visual Studio Solution File, Format Version 12.00
# Visual Studio Version 17
VisualStudioVersion = 17.0.31912.275
MinimumVisualStudioVersion = 10.0.40219.1
Project("{9A19103F-16F7-4668-BE54-9A1E7A4F7556}") = "Chromely.Core", "Chromely.Core\Chromely.Core.csproj", "{5291823F-6388-4300-9A14-0D644362CC7C}"
EndProject
Project("{9A19103F-16F7-4668-BE54-9A1E7A4F7556}") = "Chromely", "Chromely\Chromely.csproj", "{D569D9E9-ED7E-4A63-BF2D-F689FB8E69CC}"
EndProject
Project("{9A19103F-16F7-4668-BE54-9A1E7A4F7556}") = "Chromely.Owin", "Chromely.Owin\Chromely.Owin.csproj", "{88F9C368-41EE-46D2-8AC6-FB28DFFB00A3}"
EndProject
Project("{9A19103F-16F7-4668-BE54-9A1E7A4F7556}") = "Chromely.Integration.TestApp", "Chromely.Integration.TestApp\Chromely.Integration.TestApp.csproj", "{22AB01BD-E7B8-44F0-8F2E-7D4B361AFA06}"
EndProject
Project("{9A19103F-16F7-4668-BE54-9A1E7A4F7556}") = "Chromely.Tests", "Chromely.Tests\Chromely.Tests.csproj", "{CD39905D-810E-4306-BC7D-53EB23F13DB5}"
EndProject
Project("{2150E333-8FDC-42A3-9474-1A3956D46DE8}") = "Demos", "Demos", "{984DAB93-D585-4B7E-93B9-7190A9D8854D}"
EndProject
Project("{9A19103F-16F7-4668-BE54-9A1E7A4F7556}") = "Chromely.Shared", "Demos\Chromely.Shared\Chromely.Shared.csproj", "{917170D0-574A-4DAF-BC66-3E90A2EDCE54}"
EndProject
Project("{9A19103F-16F7-4668-BE54-9A1E7A4F7556}") = "Chromely.CrossPlat", "Demos\Chromely.CrossPlat\Chromely.CrossPlat.csproj", "{57605057-9AD1-4D58-8A8F-F603B6A3956D}"
EndProject
Project("{9A19103F-16F7-4668-BE54-9A1E7A4F7556}") = "Chromely.AspNetCore.RazorPages", "Demos\Chromely.AspNetCore.RazorPages\Chromely.AspNetCore.RazorPages.csproj", "{557EB55B-E1C0-4A39-85A9-4F7895F0210A}"
EndProject
Project("{9A19103F-16F7-4668-BE54-9A1E7A4F7556}") = "Chromely.AspNetCore.Mvc", "Demos\Chromely.AspNetCore.Mvc\Chromely.AspNetCore.Mvc.csproj", "{212379C8-62D4-4B27-8C72-5EC388748E1C}"
EndProject
Global
	GlobalSection(SolutionConfigurationPlatforms) = preSolution
		Debug|Any CPU = Debug|Any CPU
		Debug|x64 = Debug|x64
		Debug|x86 = Debug|x86
		DebugLinux|Any CPU = DebugLinux|Any CPU
		DebugLinux|x64 = DebugLinux|x64
		DebugLinux|x86 = DebugLinux|x86
		Release|Any CPU = Release|Any CPU
		Release|x64 = Release|x64
		Release|x86 = Release|x86
		ReleaseLinux|Any CPU = ReleaseLinux|Any CPU
		ReleaseLinux|x64 = ReleaseLinux|x64
		ReleaseLinux|x86 = ReleaseLinux|x86
	EndGlobalSection
	GlobalSection(ProjectConfigurationPlatforms) = postSolution
		{5291823F-6388-4300-9A14-0D644362CC7C}.Debug|Any CPU.ActiveCfg = Debug|Any CPU
		{5291823F-6388-4300-9A14-0D644362CC7C}.Debug|Any CPU.Build.0 = Debug|Any CPU
		{5291823F-6388-4300-9A14-0D644362CC7C}.Debug|x64.ActiveCfg = Debug|x64
		{5291823F-6388-4300-9A14-0D644362CC7C}.Debug|x64.Build.0 = Debug|x64
		{5291823F-6388-4300-9A14-0D644362CC7C}.Debug|x86.ActiveCfg = Debug|Any CPU
		{5291823F-6388-4300-9A14-0D644362CC7C}.Debug|x86.Build.0 = Debug|Any CPU
		{5291823F-6388-4300-9A14-0D644362CC7C}.DebugLinux|Any CPU.ActiveCfg = DebugLinux|Any CPU
		{5291823F-6388-4300-9A14-0D644362CC7C}.DebugLinux|Any CPU.Build.0 = DebugLinux|Any CPU
		{5291823F-6388-4300-9A14-0D644362CC7C}.DebugLinux|x64.ActiveCfg = DebugLinux|x64
		{5291823F-6388-4300-9A14-0D644362CC7C}.DebugLinux|x64.Build.0 = DebugLinux|x64
		{5291823F-6388-4300-9A14-0D644362CC7C}.DebugLinux|x86.ActiveCfg = DebugLinux|Any CPU
		{5291823F-6388-4300-9A14-0D644362CC7C}.DebugLinux|x86.Build.0 = DebugLinux|Any CPU
		{5291823F-6388-4300-9A14-0D644362CC7C}.Release|Any CPU.ActiveCfg = Release|Any CPU
		{5291823F-6388-4300-9A14-0D644362CC7C}.Release|Any CPU.Build.0 = Release|Any CPU
		{5291823F-6388-4300-9A14-0D644362CC7C}.Release|x64.ActiveCfg = Release|x64
		{5291823F-6388-4300-9A14-0D644362CC7C}.Release|x64.Build.0 = Release|x64
		{5291823F-6388-4300-9A14-0D644362CC7C}.Release|x86.ActiveCfg = Release|Any CPU
		{5291823F-6388-4300-9A14-0D644362CC7C}.Release|x86.Build.0 = Release|Any CPU
		{5291823F-6388-4300-9A14-0D644362CC7C}.ReleaseLinux|Any CPU.ActiveCfg = ReleaseLinux|Any CPU
		{5291823F-6388-4300-9A14-0D644362CC7C}.ReleaseLinux|Any CPU.Build.0 = ReleaseLinux|Any CPU
		{5291823F-6388-4300-9A14-0D644362CC7C}.ReleaseLinux|x64.ActiveCfg = ReleaseLinux|x64
		{5291823F-6388-4300-9A14-0D644362CC7C}.ReleaseLinux|x64.Build.0 = ReleaseLinux|x64
		{5291823F-6388-4300-9A14-0D644362CC7C}.ReleaseLinux|x86.ActiveCfg = ReleaseLinux|Any CPU
		{5291823F-6388-4300-9A14-0D644362CC7C}.ReleaseLinux|x86.Build.0 = ReleaseLinux|Any CPU
		{D569D9E9-ED7E-4A63-BF2D-F689FB8E69CC}.Debug|Any CPU.ActiveCfg = Debug|Any CPU
		{D569D9E9-ED7E-4A63-BF2D-F689FB8E69CC}.Debug|Any CPU.Build.0 = Debug|Any CPU
		{D569D9E9-ED7E-4A63-BF2D-F689FB8E69CC}.Debug|x64.ActiveCfg = Debug|x64
		{D569D9E9-ED7E-4A63-BF2D-F689FB8E69CC}.Debug|x64.Build.0 = Debug|x64
		{D569D9E9-ED7E-4A63-BF2D-F689FB8E69CC}.Debug|x86.ActiveCfg = Debug|Any CPU
		{D569D9E9-ED7E-4A63-BF2D-F689FB8E69CC}.Debug|x86.Build.0 = Debug|Any CPU
		{D569D9E9-ED7E-4A63-BF2D-F689FB8E69CC}.DebugLinux|Any CPU.ActiveCfg = DebugLinux|Any CPU
		{D569D9E9-ED7E-4A63-BF2D-F689FB8E69CC}.DebugLinux|Any CPU.Build.0 = DebugLinux|Any CPU
		{D569D9E9-ED7E-4A63-BF2D-F689FB8E69CC}.DebugLinux|x64.ActiveCfg = DebugLinux|x64
		{D569D9E9-ED7E-4A63-BF2D-F689FB8E69CC}.DebugLinux|x64.Build.0 = DebugLinux|x64
		{D569D9E9-ED7E-4A63-BF2D-F689FB8E69CC}.DebugLinux|x86.ActiveCfg = DebugLinux|Any CPU
		{D569D9E9-ED7E-4A63-BF2D-F689FB8E69CC}.DebugLinux|x86.Build.0 = DebugLinux|Any CPU
		{D569D9E9-ED7E-4A63-BF2D-F689FB8E69CC}.Release|Any CPU.ActiveCfg = Release|Any CPU
		{D569D9E9-ED7E-4A63-BF2D-F689FB8E69CC}.Release|Any CPU.Build.0 = Release|Any CPU
		{D569D9E9-ED7E-4A63-BF2D-F689FB8E69CC}.Release|x64.ActiveCfg = Release|x64
		{D569D9E9-ED7E-4A63-BF2D-F689FB8E69CC}.Release|x64.Build.0 = Release|x64
		{D569D9E9-ED7E-4A63-BF2D-F689FB8E69CC}.Release|x86.ActiveCfg = Release|Any CPU
		{D569D9E9-ED7E-4A63-BF2D-F689FB8E69CC}.Release|x86.Build.0 = Release|Any CPU
		{D569D9E9-ED7E-4A63-BF2D-F689FB8E69CC}.ReleaseLinux|Any CPU.ActiveCfg = ReleaseLinux|Any CPU
		{D569D9E9-ED7E-4A63-BF2D-F689FB8E69CC}.ReleaseLinux|Any CPU.Build.0 = ReleaseLinux|Any CPU
		{D569D9E9-ED7E-4A63-BF2D-F689FB8E69CC}.ReleaseLinux|x64.ActiveCfg = ReleaseLinux|x64
		{D569D9E9-ED7E-4A63-BF2D-F689FB8E69CC}.ReleaseLinux|x64.Build.0 = ReleaseLinux|x64
		{D569D9E9-ED7E-4A63-BF2D-F689FB8E69CC}.ReleaseLinux|x86.ActiveCfg = ReleaseLinux|Any CPU
		{D569D9E9-ED7E-4A63-BF2D-F689FB8E69CC}.ReleaseLinux|x86.Build.0 = ReleaseLinux|Any CPU
		{88F9C368-41EE-46D2-8AC6-FB28DFFB00A3}.Debug|Any CPU.ActiveCfg = Debug|Any CPU
		{88F9C368-41EE-46D2-8AC6-FB28DFFB00A3}.Debug|Any CPU.Build.0 = Debug|Any CPU
		{88F9C368-41EE-46D2-8AC6-FB28DFFB00A3}.Debug|x64.ActiveCfg = Debug|Any CPU
		{88F9C368-41EE-46D2-8AC6-FB28DFFB00A3}.Debug|x64.Build.0 = Debug|Any CPU
		{88F9C368-41EE-46D2-8AC6-FB28DFFB00A3}.Debug|x86.ActiveCfg = Debug|Any CPU
		{88F9C368-41EE-46D2-8AC6-FB28DFFB00A3}.Debug|x86.Build.0 = Debug|Any CPU
		{88F9C368-41EE-46D2-8AC6-FB28DFFB00A3}.DebugLinux|Any CPU.ActiveCfg = DebugLinux|Any CPU
		{88F9C368-41EE-46D2-8AC6-FB28DFFB00A3}.DebugLinux|Any CPU.Build.0 = DebugLinux|Any CPU
		{88F9C368-41EE-46D2-8AC6-FB28DFFB00A3}.DebugLinux|x64.ActiveCfg = DebugLinux|Any CPU
		{88F9C368-41EE-46D2-8AC6-FB28DFFB00A3}.DebugLinux|x64.Build.0 = DebugLinux|Any CPU
		{88F9C368-41EE-46D2-8AC6-FB28DFFB00A3}.DebugLinux|x86.ActiveCfg = DebugLinux|Any CPU
		{88F9C368-41EE-46D2-8AC6-FB28DFFB00A3}.DebugLinux|x86.Build.0 = DebugLinux|Any CPU
		{88F9C368-41EE-46D2-8AC6-FB28DFFB00A3}.Release|Any CPU.ActiveCfg = Release|Any CPU
		{88F9C368-41EE-46D2-8AC6-FB28DFFB00A3}.Release|Any CPU.Build.0 = Release|Any CPU
		{88F9C368-41EE-46D2-8AC6-FB28DFFB00A3}.Release|x64.ActiveCfg = Release|Any CPU
		{88F9C368-41EE-46D2-8AC6-FB28DFFB00A3}.Release|x64.Build.0 = Release|Any CPU
		{88F9C368-41EE-46D2-8AC6-FB28DFFB00A3}.Release|x86.ActiveCfg = Release|Any CPU
		{88F9C368-41EE-46D2-8AC6-FB28DFFB00A3}.Release|x86.Build.0 = Release|Any CPU
		{88F9C368-41EE-46D2-8AC6-FB28DFFB00A3}.ReleaseLinux|Any CPU.ActiveCfg = ReleaseLinux|Any CPU
		{88F9C368-41EE-46D2-8AC6-FB28DFFB00A3}.ReleaseLinux|Any CPU.Build.0 = ReleaseLinux|Any CPU
		{88F9C368-41EE-46D2-8AC6-FB28DFFB00A3}.ReleaseLinux|x64.ActiveCfg = ReleaseLinux|Any CPU
		{88F9C368-41EE-46D2-8AC6-FB28DFFB00A3}.ReleaseLinux|x64.Build.0 = ReleaseLinux|Any CPU
		{88F9C368-41EE-46D2-8AC6-FB28DFFB00A3}.ReleaseLinux|x86.ActiveCfg = ReleaseLinux|Any CPU
		{88F9C368-41EE-46D2-8AC6-FB28DFFB00A3}.ReleaseLinux|x86.Build.0 = ReleaseLinux|Any CPU
		{22AB01BD-E7B8-44F0-8F2E-7D4B361AFA06}.Debug|Any CPU.ActiveCfg = Debug|x64
		{22AB01BD-E7B8-44F0-8F2E-7D4B361AFA06}.Debug|Any CPU.Build.0 = Debug|x64
		{22AB01BD-E7B8-44F0-8F2E-7D4B361AFA06}.Debug|x64.ActiveCfg = Debug|x64
		{22AB01BD-E7B8-44F0-8F2E-7D4B361AFA06}.Debug|x64.Build.0 = Debug|x64
		{22AB01BD-E7B8-44F0-8F2E-7D4B361AFA06}.Debug|x86.ActiveCfg = Debug|x64
		{22AB01BD-E7B8-44F0-8F2E-7D4B361AFA06}.Debug|x86.Build.0 = Debug|x64
		{22AB01BD-E7B8-44F0-8F2E-7D4B361AFA06}.DebugLinux|Any CPU.ActiveCfg = DebugLinux|x64
		{22AB01BD-E7B8-44F0-8F2E-7D4B361AFA06}.DebugLinux|Any CPU.Build.0 = DebugLinux|x64
		{22AB01BD-E7B8-44F0-8F2E-7D4B361AFA06}.DebugLinux|x64.ActiveCfg = DebugLinux|x64
		{22AB01BD-E7B8-44F0-8F2E-7D4B361AFA06}.DebugLinux|x64.Build.0 = DebugLinux|x64
		{22AB01BD-E7B8-44F0-8F2E-7D4B361AFA06}.DebugLinux|x86.ActiveCfg = DebugLinux|x64
		{22AB01BD-E7B8-44F0-8F2E-7D4B361AFA06}.DebugLinux|x86.Build.0 = DebugLinux|x64
		{22AB01BD-E7B8-44F0-8F2E-7D4B361AFA06}.Release|Any CPU.ActiveCfg = Release|x64
		{22AB01BD-E7B8-44F0-8F2E-7D4B361AFA06}.Release|Any CPU.Build.0 = Release|x64
		{22AB01BD-E7B8-44F0-8F2E-7D4B361AFA06}.Release|x64.ActiveCfg = Release|x64
		{22AB01BD-E7B8-44F0-8F2E-7D4B361AFA06}.Release|x64.Build.0 = Release|x64
		{22AB01BD-E7B8-44F0-8F2E-7D4B361AFA06}.Release|x86.ActiveCfg = Release|x64
		{22AB01BD-E7B8-44F0-8F2E-7D4B361AFA06}.Release|x86.Build.0 = Release|x64
		{22AB01BD-E7B8-44F0-8F2E-7D4B361AFA06}.ReleaseLinux|Any CPU.ActiveCfg = ReleaseLinux|x64
		{22AB01BD-E7B8-44F0-8F2E-7D4B361AFA06}.ReleaseLinux|Any CPU.Build.0 = ReleaseLinux|x64
		{22AB01BD-E7B8-44F0-8F2E-7D4B361AFA06}.ReleaseLinux|x64.ActiveCfg = ReleaseLinux|x64
		{22AB01BD-E7B8-44F0-8F2E-7D4B361AFA06}.ReleaseLinux|x64.Build.0 = ReleaseLinux|x64
		{22AB01BD-E7B8-44F0-8F2E-7D4B361AFA06}.ReleaseLinux|x86.ActiveCfg = ReleaseLinux|x64
		{22AB01BD-E7B8-44F0-8F2E-7D4B361AFA06}.ReleaseLinux|x86.Build.0 = ReleaseLinux|x64
		{CD39905D-810E-4306-BC7D-53EB23F13DB5}.Debug|Any CPU.ActiveCfg = Debug|Any CPU
		{CD39905D-810E-4306-BC7D-53EB23F13DB5}.Debug|Any CPU.Build.0 = Debug|Any CPU
		{CD39905D-810E-4306-BC7D-53EB23F13DB5}.Debug|x64.ActiveCfg = Debug|Any CPU
		{CD39905D-810E-4306-BC7D-53EB23F13DB5}.Debug|x64.Build.0 = Debug|Any CPU
		{CD39905D-810E-4306-BC7D-53EB23F13DB5}.Debug|x86.ActiveCfg = Debug|x86
		{CD39905D-810E-4306-BC7D-53EB23F13DB5}.Debug|x86.Build.0 = Debug|x86
		{CD39905D-810E-4306-BC7D-53EB23F13DB5}.DebugLinux|Any CPU.ActiveCfg = Debug|Any CPU
		{CD39905D-810E-4306-BC7D-53EB23F13DB5}.DebugLinux|Any CPU.Build.0 = Debug|Any CPU
		{CD39905D-810E-4306-BC7D-53EB23F13DB5}.DebugLinux|x64.ActiveCfg = Debug|Any CPU
		{CD39905D-810E-4306-BC7D-53EB23F13DB5}.DebugLinux|x64.Build.0 = Debug|Any CPU
		{CD39905D-810E-4306-BC7D-53EB23F13DB5}.DebugLinux|x86.ActiveCfg = Debug|x86
		{CD39905D-810E-4306-BC7D-53EB23F13DB5}.DebugLinux|x86.Build.0 = Debug|x86
		{CD39905D-810E-4306-BC7D-53EB23F13DB5}.Release|Any CPU.ActiveCfg = Release|Any CPU
		{CD39905D-810E-4306-BC7D-53EB23F13DB5}.Release|Any CPU.Build.0 = Release|Any CPU
		{CD39905D-810E-4306-BC7D-53EB23F13DB5}.Release|x64.ActiveCfg = Release|Any CPU
		{CD39905D-810E-4306-BC7D-53EB23F13DB5}.Release|x64.Build.0 = Release|Any CPU
		{CD39905D-810E-4306-BC7D-53EB23F13DB5}.Release|x86.ActiveCfg = Release|x86
		{CD39905D-810E-4306-BC7D-53EB23F13DB5}.Release|x86.Build.0 = Release|x86
		{CD39905D-810E-4306-BC7D-53EB23F13DB5}.ReleaseLinux|Any CPU.ActiveCfg = Release|Any CPU
		{CD39905D-810E-4306-BC7D-53EB23F13DB5}.ReleaseLinux|Any CPU.Build.0 = Release|Any CPU
		{CD39905D-810E-4306-BC7D-53EB23F13DB5}.ReleaseLinux|x64.ActiveCfg = Release|Any CPU
		{CD39905D-810E-4306-BC7D-53EB23F13DB5}.ReleaseLinux|x64.Build.0 = Release|Any CPU
		{CD39905D-810E-4306-BC7D-53EB23F13DB5}.ReleaseLinux|x86.ActiveCfg = Release|x86
		{CD39905D-810E-4306-BC7D-53EB23F13DB5}.ReleaseLinux|x86.Build.0 = Release|x86
		{917170D0-574A-4DAF-BC66-3E90A2EDCE54}.Debug|Any CPU.ActiveCfg = Debug|Any CPU
		{917170D0-574A-4DAF-BC66-3E90A2EDCE54}.Debug|Any CPU.Build.0 = Debug|Any CPU
		{917170D0-574A-4DAF-BC66-3E90A2EDCE54}.Debug|x64.ActiveCfg = Debug|Any CPU
		{917170D0-574A-4DAF-BC66-3E90A2EDCE54}.Debug|x64.Build.0 = Debug|Any CPU
		{917170D0-574A-4DAF-BC66-3E90A2EDCE54}.Debug|x86.ActiveCfg = Debug|Any CPU
		{917170D0-574A-4DAF-BC66-3E90A2EDCE54}.Debug|x86.Build.0 = Debug|Any CPU
		{917170D0-574A-4DAF-BC66-3E90A2EDCE54}.DebugLinux|Any CPU.ActiveCfg = Debug|Any CPU
		{917170D0-574A-4DAF-BC66-3E90A2EDCE54}.DebugLinux|Any CPU.Build.0 = Debug|Any CPU
		{917170D0-574A-4DAF-BC66-3E90A2EDCE54}.DebugLinux|x64.ActiveCfg = Debug|Any CPU
		{917170D0-574A-4DAF-BC66-3E90A2EDCE54}.DebugLinux|x64.Build.0 = Debug|Any CPU
		{917170D0-574A-4DAF-BC66-3E90A2EDCE54}.DebugLinux|x86.ActiveCfg = Debug|Any CPU
		{917170D0-574A-4DAF-BC66-3E90A2EDCE54}.DebugLinux|x86.Build.0 = Debug|Any CPU
		{917170D0-574A-4DAF-BC66-3E90A2EDCE54}.Release|Any CPU.ActiveCfg = Release|Any CPU
		{917170D0-574A-4DAF-BC66-3E90A2EDCE54}.Release|Any CPU.Build.0 = Release|Any CPU
		{917170D0-574A-4DAF-BC66-3E90A2EDCE54}.Release|x64.ActiveCfg = Release|Any CPU
		{917170D0-574A-4DAF-BC66-3E90A2EDCE54}.Release|x64.Build.0 = Release|Any CPU
		{917170D0-574A-4DAF-BC66-3E90A2EDCE54}.Release|x86.ActiveCfg = Release|Any CPU
		{917170D0-574A-4DAF-BC66-3E90A2EDCE54}.Release|x86.Build.0 = Release|Any CPU
		{917170D0-574A-4DAF-BC66-3E90A2EDCE54}.ReleaseLinux|Any CPU.ActiveCfg = Release|Any CPU
		{917170D0-574A-4DAF-BC66-3E90A2EDCE54}.ReleaseLinux|Any CPU.Build.0 = Release|Any CPU
		{917170D0-574A-4DAF-BC66-3E90A2EDCE54}.ReleaseLinux|x64.ActiveCfg = Release|Any CPU
		{917170D0-574A-4DAF-BC66-3E90A2EDCE54}.ReleaseLinux|x64.Build.0 = Release|Any CPU
		{917170D0-574A-4DAF-BC66-3E90A2EDCE54}.ReleaseLinux|x86.ActiveCfg = Release|Any CPU
		{917170D0-574A-4DAF-BC66-3E90A2EDCE54}.ReleaseLinux|x86.Build.0 = Release|Any CPU
		{57605057-9AD1-4D58-8A8F-F603B6A3956D}.Debug|Any CPU.ActiveCfg = Debug|x64
		{57605057-9AD1-4D58-8A8F-F603B6A3956D}.Debug|Any CPU.Build.0 = Debug|x64
		{57605057-9AD1-4D58-8A8F-F603B6A3956D}.Debug|x64.ActiveCfg = Debug|x64
		{57605057-9AD1-4D58-8A8F-F603B6A3956D}.Debug|x64.Build.0 = Debug|x64
		{57605057-9AD1-4D58-8A8F-F603B6A3956D}.Debug|x86.ActiveCfg = Debug|x64
		{57605057-9AD1-4D58-8A8F-F603B6A3956D}.Debug|x86.Build.0 = Debug|x64
		{57605057-9AD1-4D58-8A8F-F603B6A3956D}.DebugLinux|Any CPU.ActiveCfg = Debug|x64
		{57605057-9AD1-4D58-8A8F-F603B6A3956D}.DebugLinux|Any CPU.Build.0 = Debug|x64
		{57605057-9AD1-4D58-8A8F-F603B6A3956D}.DebugLinux|x64.ActiveCfg = Debug|x64
		{57605057-9AD1-4D58-8A8F-F603B6A3956D}.DebugLinux|x64.Build.0 = Debug|x64
		{57605057-9AD1-4D58-8A8F-F603B6A3956D}.DebugLinux|x86.ActiveCfg = Debug|x64
		{57605057-9AD1-4D58-8A8F-F603B6A3956D}.DebugLinux|x86.Build.0 = Debug|x64
		{57605057-9AD1-4D58-8A8F-F603B6A3956D}.Release|Any CPU.ActiveCfg = Release|x64
		{57605057-9AD1-4D58-8A8F-F603B6A3956D}.Release|Any CPU.Build.0 = Release|x64
		{57605057-9AD1-4D58-8A8F-F603B6A3956D}.Release|x64.ActiveCfg = Release|x64
		{57605057-9AD1-4D58-8A8F-F603B6A3956D}.Release|x64.Build.0 = Release|x64
		{57605057-9AD1-4D58-8A8F-F603B6A3956D}.Release|x86.ActiveCfg = Release|x64
		{57605057-9AD1-4D58-8A8F-F603B6A3956D}.Release|x86.Build.0 = Release|x64
		{57605057-9AD1-4D58-8A8F-F603B6A3956D}.ReleaseLinux|Any CPU.ActiveCfg = Debug|x64
		{57605057-9AD1-4D58-8A8F-F603B6A3956D}.ReleaseLinux|Any CPU.Build.0 = Debug|x64
		{57605057-9AD1-4D58-8A8F-F603B6A3956D}.ReleaseLinux|x64.ActiveCfg = Release|x64
		{57605057-9AD1-4D58-8A8F-F603B6A3956D}.ReleaseLinux|x64.Build.0 = Release|x64
		{57605057-9AD1-4D58-8A8F-F603B6A3956D}.ReleaseLinux|x86.ActiveCfg = Debug|x64
		{57605057-9AD1-4D58-8A8F-F603B6A3956D}.ReleaseLinux|x86.Build.0 = Debug|x64
		{557EB55B-E1C0-4A39-85A9-4F7895F0210A}.Debug|Any CPU.ActiveCfg = Debug|x64
		{557EB55B-E1C0-4A39-85A9-4F7895F0210A}.Debug|Any CPU.Build.0 = Debug|x64
		{557EB55B-E1C0-4A39-85A9-4F7895F0210A}.Debug|x64.ActiveCfg = Debug|x64
		{557EB55B-E1C0-4A39-85A9-4F7895F0210A}.Debug|x64.Build.0 = Debug|x64
		{557EB55B-E1C0-4A39-85A9-4F7895F0210A}.Debug|x86.ActiveCfg = Debug|x64
		{557EB55B-E1C0-4A39-85A9-4F7895F0210A}.Debug|x86.Build.0 = Debug|x64
		{557EB55B-E1C0-4A39-85A9-4F7895F0210A}.DebugLinux|Any CPU.ActiveCfg = Debug|x64
		{557EB55B-E1C0-4A39-85A9-4F7895F0210A}.DebugLinux|Any CPU.Build.0 = Debug|x64
		{557EB55B-E1C0-4A39-85A9-4F7895F0210A}.DebugLinux|x64.ActiveCfg = Debug|x64
		{557EB55B-E1C0-4A39-85A9-4F7895F0210A}.DebugLinux|x64.Build.0 = Debug|x64
		{557EB55B-E1C0-4A39-85A9-4F7895F0210A}.DebugLinux|x86.ActiveCfg = Debug|x64
		{557EB55B-E1C0-4A39-85A9-4F7895F0210A}.DebugLinux|x86.Build.0 = Debug|x64
		{557EB55B-E1C0-4A39-85A9-4F7895F0210A}.Release|Any CPU.ActiveCfg = Release|x64
		{557EB55B-E1C0-4A39-85A9-4F7895F0210A}.Release|Any CPU.Build.0 = Release|x64
		{557EB55B-E1C0-4A39-85A9-4F7895F0210A}.Release|x64.ActiveCfg = Release|x64
		{557EB55B-E1C0-4A39-85A9-4F7895F0210A}.Release|x64.Build.0 = Release|x64
		{557EB55B-E1C0-4A39-85A9-4F7895F0210A}.Release|x86.ActiveCfg = Release|x64
		{557EB55B-E1C0-4A39-85A9-4F7895F0210A}.Release|x86.Build.0 = Release|x64
		{557EB55B-E1C0-4A39-85A9-4F7895F0210A}.ReleaseLinux|Any CPU.ActiveCfg = Debug|x64
		{557EB55B-E1C0-4A39-85A9-4F7895F0210A}.ReleaseLinux|Any CPU.Build.0 = Debug|x64
		{557EB55B-E1C0-4A39-85A9-4F7895F0210A}.ReleaseLinux|x64.ActiveCfg = Release|x64
		{557EB55B-E1C0-4A39-85A9-4F7895F0210A}.ReleaseLinux|x64.Build.0 = Release|x64
		{557EB55B-E1C0-4A39-85A9-4F7895F0210A}.ReleaseLinux|x86.ActiveCfg = Debug|x64
		{557EB55B-E1C0-4A39-85A9-4F7895F0210A}.ReleaseLinux|x86.Build.0 = Debug|x64
		{212379C8-62D4-4B27-8C72-5EC388748E1C}.Debug|Any CPU.ActiveCfg = Debug|x64
		{212379C8-62D4-4B27-8C72-5EC388748E1C}.Debug|Any CPU.Build.0 = Debug|x64
		{212379C8-62D4-4B27-8C72-5EC388748E1C}.Debug|x64.ActiveCfg = Debug|x64
		{212379C8-62D4-4B27-8C72-5EC388748E1C}.Debug|x64.Build.0 = Debug|x64
		{212379C8-62D4-4B27-8C72-5EC388748E1C}.Debug|x86.ActiveCfg = Debug|x64
		{212379C8-62D4-4B27-8C72-5EC388748E1C}.Debug|x86.Build.0 = Debug|x64
		{212379C8-62D4-4B27-8C72-5EC388748E1C}.DebugLinux|Any CPU.ActiveCfg = Debug|x64
		{212379C8-62D4-4B27-8C72-5EC388748E1C}.DebugLinux|Any CPU.Build.0 = Debug|x64
		{212379C8-62D4-4B27-8C72-5EC388748E1C}.DebugLinux|x64.ActiveCfg = Debug|x64
		{212379C8-62D4-4B27-8C72-5EC388748E1C}.DebugLinux|x64.Build.0 = Debug|x64
		{212379C8-62D4-4B27-8C72-5EC388748E1C}.DebugLinux|x86.ActiveCfg = Debug|x64
		{212379C8-62D4-4B27-8C72-5EC388748E1C}.DebugLinux|x86.Build.0 = Debug|x64
		{212379C8-62D4-4B27-8C72-5EC388748E1C}.Release|Any CPU.ActiveCfg = Release|x64
		{212379C8-62D4-4B27-8C72-5EC388748E1C}.Release|Any CPU.Build.0 = Release|x64
		{212379C8-62D4-4B27-8C72-5EC388748E1C}.Release|x64.ActiveCfg = Release|x64
		{212379C8-62D4-4B27-8C72-5EC388748E1C}.Release|x64.Build.0 = Release|x64
		{212379C8-62D4-4B27-8C72-5EC388748E1C}.Release|x86.ActiveCfg = Release|x64
		{212379C8-62D4-4B27-8C72-5EC388748E1C}.Release|x86.Build.0 = Release|x64
		{212379C8-62D4-4B27-8C72-5EC388748E1C}.ReleaseLinux|Any CPU.ActiveCfg = Debug|x64
		{212379C8-62D4-4B27-8C72-5EC388748E1C}.ReleaseLinux|Any CPU.Build.0 = Debug|x64
		{212379C8-62D4-4B27-8C72-5EC388748E1C}.ReleaseLinux|x64.ActiveCfg = Release|x64
		{212379C8-62D4-4B27-8C72-5EC388748E1C}.ReleaseLinux|x64.Build.0 = Release|x64
		{212379C8-62D4-4B27-8C72-5EC388748E1C}.ReleaseLinux|x86.ActiveCfg = Debug|x64
		{212379C8-62D4-4B27-8C72-5EC388748E1C}.ReleaseLinux|x86.Build.0 = Debug|x64
	EndGlobalSection
	GlobalSection(SolutionProperties) = preSolution
		HideSolutionNode = FALSE
	EndGlobalSection
	GlobalSection(NestedProjects) = preSolution
		{917170D0-574A-4DAF-BC66-3E90A2EDCE54} = {984DAB93-D585-4B7E-93B9-7190A9D8854D}
		{57605057-9AD1-4D58-8A8F-F603B6A3956D} = {984DAB93-D585-4B7E-93B9-7190A9D8854D}
		{557EB55B-E1C0-4A39-85A9-4F7895F0210A} = {984DAB93-D585-4B7E-93B9-7190A9D8854D}
		{212379C8-62D4-4B27-8C72-5EC388748E1C} = {984DAB93-D585-4B7E-93B9-7190A9D8854D}
	EndGlobalSection
	GlobalSection(ExtensibilityGlobals) = postSolution
		SolutionGuid = {EE7BE064-A901-4071-BD09-711432E579F9}
	EndGlobalSection
EndGlobal
