
Microsoft Visual Studio Solution File, Format Version 12.00
# Visual Studio 15
VisualStudioVersion = 15.0.27130.2020
MinimumVisualStudioVersion = 10.0.40219.1
Project("{2150E333-8FDC-42A3-9474-1A3956D46DE8}") = "CefGlue", "CefGlue", "{A6B2DE5A-07ED-40D2-9D99-215B48C8D1AF}"
EndProject
Project("{9A19103F-16F7-4668-BE54-9A1E7A4F7556}") = "Chromely.Unofficial.CefGlue.NetStd", "CefGlue\Chromely.Unofficial.CefGlue.NetStd\Chromely.Unofficial.CefGlue.NetStd.csproj", "{BAAC94B2-88C6-405B-A8F1-C130464405FA}"
EndProject
Project("{2150E333-8FDC-42A3-9474-1A3956D46DE8}") = "Demos", "Demos", "{D56CCFF2-71C9-406D-9E5B-F09949FA6775}"
EndProject
Project("{9A19103F-16F7-4668-BE54-9A1E7A4F7556}") = "Chromely.Core", "Chromely.Core\Chromely.Core.csproj", "{5EDBC83F-2229-4BD4-8E18-82B736A47119}"
EndProject
Project("{9A19103F-16F7-4668-BE54-9A1E7A4F7556}") = "Chromely.CefGlue.Winapi", "Chromely.CefGlue.Winapi\Chromely.CefGlue.Winapi.csproj", "{E53517D5-9B9D-4CBA-BFED-D5B69F66E21A}"
EndProject
Project("{9A19103F-16F7-4668-BE54-9A1E7A4F7556}") = "Chromely.CefGlue.Gtk", "Chromely.CefGlue.Gtk\Chromely.CefGlue.Gtk.csproj", "{EAEACCB8-9A85-4F57-ABC2-94D007687DC2}"
EndProject
Project("{9A19103F-16F7-4668-BE54-9A1E7A4F7556}") = "Chromely.CefSharp.Winapi", "Chromely.CefSharp.Winapi\Chromely.CefSharp.Winapi.csproj", "{39B1A312-ED2D-4868-8BBF-B8B4CD574922}"
EndProject
Project("{9A19103F-16F7-4668-BE54-9A1E7A4F7556}") = "Chromely.Service.Demo", "Demos\Chromely.Service.Demo\Chromely.Service.Demo.csproj", "{4A11C5FA-0D83-44AE-8645-F6DF41CADE25}"
EndProject
Project("{9A19103F-16F7-4668-BE54-9A1E7A4F7556}") = "Chromely.CefGlue.Winapi.Demo", "Demos\Chromely.CefGlue.Winapi.Demo\Chromely.CefGlue.Winapi.Demo.csproj", "{DCEBB01A-6C4A-4793-8449-F0C96E6C53C2}"
EndProject
Project("{9A19103F-16F7-4668-BE54-9A1E7A4F7556}") = "Chromely.CefSharp.Winapi.Demo", "Demos\Chromely.CefSharp.Winapi.Demo\Chromely.CefSharp.Winapi.Demo.csproj", "{077D98E9-BBF8-465A-A61C-CDD5B0EB6D2F}"
EndProject
Project("{9A19103F-16F7-4668-BE54-9A1E7A4F7556}") = "Chromely.CefGlue.Gtk.Win.Demo", "Demos\Chromely.CefGlue.Gtk.Win.Demo\Chromely.CefGlue.Gtk.Win.Demo.csproj", "{7E73B761-E64C-4EC3-9B65-45443505907B}"
EndProject
Project("{2150E333-8FDC-42A3-9474-1A3956D46DE8}") = "Tests", "Tests", "{25C4FBF4-EF53-4E55-97E1-55587A5228CA}"
EndProject
Project("{9A19103F-16F7-4668-BE54-9A1E7A4F7556}") = "Chromely.Core.Tests", "Tests\Chromely.Core.Tests\Chromely.Core.Tests.csproj", "{482ED0C7-EB04-4A6A-A130-959717C22556}"
EndProject
Project("{9A19103F-16F7-4668-BE54-9A1E7A4F7556}") = "Chromely.CefGlue.Gtk.Tests", "Tests\Chromely.CefGlue.Gtk.Tests\Chromely.CefGlue.Gtk.Tests.csproj", "{D118ECDF-9E3C-446B-825F-392F1FBFE0F1}"
EndProject
Project("{9A19103F-16F7-4668-BE54-9A1E7A4F7556}") = "Chromely.CefSharp.Winapi.Tests", "Tests\Chromely.CefSharp.Winapi.Tests\Chromely.CefSharp.Winapi.Tests.csproj", "{03952732-BC74-45E4-9DE0-C59BC437C49B}"
EndProject
Project("{9A19103F-16F7-4668-BE54-9A1E7A4F7556}") = "Chromely.CefGlue.Winapi.Tests", "Tests\Chromely.CefGlue.Winapi.Tests\Chromely.CefGlue.Winapi.Tests.csproj", "{A94A1FB5-DBCE-4A39-8C90-CAE93B5CB675}"
EndProject
Project("{9A19103F-16F7-4668-BE54-9A1E7A4F7556}") = "Chromely.CefGlue.Winapi.netCoreDemo", "Demos\Chromely.CefGlue.Winapi.netCoreDemo\Chromely.CefGlue.Winapi.netCoreDemo.csproj", "{4E8CF5F5-BB0F-4A82-94CE-69E4A078972B}"
EndProject
Project("{9A19103F-16F7-4668-BE54-9A1E7A4F7556}") = "Chromely.CefGlue.Gtk.Linux.Demo", "Demos\Chromely.CefGlue.Gtk.Linux.Demo\Chromely.CefGlue.Gtk.Linux.Demo.csproj", "{C60F3486-8846-4690-87C0-0CB16136EBB3}"
EndProject
Global
	GlobalSection(SolutionConfigurationPlatforms) = preSolution
		Debug|Any CPU = Debug|Any CPU
		Debug|x64 = Debug|x64
		Debug|x86 = Debug|x86
		Release|Any CPU = Release|Any CPU
		Release|x64 = Release|x64
		Release|x86 = Release|x86
	EndGlobalSection
	GlobalSection(ProjectConfigurationPlatforms) = postSolution
		{BAAC94B2-88C6-405B-A8F1-C130464405FA}.Debug|Any CPU.ActiveCfg = Debug|Any CPU
		{BAAC94B2-88C6-405B-A8F1-C130464405FA}.Debug|Any CPU.Build.0 = Debug|Any CPU
		{BAAC94B2-88C6-405B-A8F1-C130464405FA}.Debug|x64.ActiveCfg = Debug|Any CPU
		{BAAC94B2-88C6-405B-A8F1-C130464405FA}.Debug|x64.Build.0 = Debug|Any CPU
		{BAAC94B2-88C6-405B-A8F1-C130464405FA}.Debug|x86.ActiveCfg = Debug|Any CPU
		{BAAC94B2-88C6-405B-A8F1-C130464405FA}.Debug|x86.Build.0 = Debug|Any CPU
		{BAAC94B2-88C6-405B-A8F1-C130464405FA}.Release|Any CPU.ActiveCfg = Release|Any CPU
		{BAAC94B2-88C6-405B-A8F1-C130464405FA}.Release|Any CPU.Build.0 = Release|Any CPU
		{BAAC94B2-88C6-405B-A8F1-C130464405FA}.Release|x64.ActiveCfg = Release|Any CPU
		{BAAC94B2-88C6-405B-A8F1-C130464405FA}.Release|x64.Build.0 = Release|Any CPU
		{BAAC94B2-88C6-405B-A8F1-C130464405FA}.Release|x86.ActiveCfg = Release|Any CPU
		{BAAC94B2-88C6-405B-A8F1-C130464405FA}.Release|x86.Build.0 = Release|Any CPU
		{5EDBC83F-2229-4BD4-8E18-82B736A47119}.Debug|Any CPU.ActiveCfg = Debug|Any CPU
		{5EDBC83F-2229-4BD4-8E18-82B736A47119}.Debug|Any CPU.Build.0 = Debug|Any CPU
		{5EDBC83F-2229-4BD4-8E18-82B736A47119}.Debug|x64.ActiveCfg = Debug|Any CPU
		{5EDBC83F-2229-4BD4-8E18-82B736A47119}.Debug|x64.Build.0 = Debug|Any CPU
		{5EDBC83F-2229-4BD4-8E18-82B736A47119}.Debug|x86.ActiveCfg = Debug|Any CPU
		{5EDBC83F-2229-4BD4-8E18-82B736A47119}.Debug|x86.Build.0 = Debug|Any CPU
		{5EDBC83F-2229-4BD4-8E18-82B736A47119}.Release|Any CPU.ActiveCfg = Release|Any CPU
		{5EDBC83F-2229-4BD4-8E18-82B736A47119}.Release|Any CPU.Build.0 = Release|Any CPU
		{5EDBC83F-2229-4BD4-8E18-82B736A47119}.Release|x64.ActiveCfg = Release|Any CPU
		{5EDBC83F-2229-4BD4-8E18-82B736A47119}.Release|x64.Build.0 = Release|Any CPU
		{5EDBC83F-2229-4BD4-8E18-82B736A47119}.Release|x86.ActiveCfg = Release|Any CPU
		{5EDBC83F-2229-4BD4-8E18-82B736A47119}.Release|x86.Build.0 = Release|Any CPU
		{E53517D5-9B9D-4CBA-BFED-D5B69F66E21A}.Debug|Any CPU.ActiveCfg = Debug|Any CPU
		{E53517D5-9B9D-4CBA-BFED-D5B69F66E21A}.Debug|Any CPU.Build.0 = Debug|Any CPU
		{E53517D5-9B9D-4CBA-BFED-D5B69F66E21A}.Debug|x64.ActiveCfg = Debug|Any CPU
		{E53517D5-9B9D-4CBA-BFED-D5B69F66E21A}.Debug|x64.Build.0 = Debug|Any CPU
		{E53517D5-9B9D-4CBA-BFED-D5B69F66E21A}.Debug|x86.ActiveCfg = Debug|Any CPU
		{E53517D5-9B9D-4CBA-BFED-D5B69F66E21A}.Debug|x86.Build.0 = Debug|Any CPU
		{E53517D5-9B9D-4CBA-BFED-D5B69F66E21A}.Release|Any CPU.ActiveCfg = Release|Any CPU
		{E53517D5-9B9D-4CBA-BFED-D5B69F66E21A}.Release|Any CPU.Build.0 = Release|Any CPU
		{E53517D5-9B9D-4CBA-BFED-D5B69F66E21A}.Release|x64.ActiveCfg = Release|Any CPU
		{E53517D5-9B9D-4CBA-BFED-D5B69F66E21A}.Release|x64.Build.0 = Release|Any CPU
		{E53517D5-9B9D-4CBA-BFED-D5B69F66E21A}.Release|x86.ActiveCfg = Release|Any CPU
		{E53517D5-9B9D-4CBA-BFED-D5B69F66E21A}.Release|x86.Build.0 = Release|Any CPU
		{EAEACCB8-9A85-4F57-ABC2-94D007687DC2}.Debug|Any CPU.ActiveCfg = Debug|Any CPU
		{EAEACCB8-9A85-4F57-ABC2-94D007687DC2}.Debug|Any CPU.Build.0 = Debug|Any CPU
		{EAEACCB8-9A85-4F57-ABC2-94D007687DC2}.Debug|x64.ActiveCfg = Debug|Any CPU
		{EAEACCB8-9A85-4F57-ABC2-94D007687DC2}.Debug|x64.Build.0 = Debug|Any CPU
		{EAEACCB8-9A85-4F57-ABC2-94D007687DC2}.Debug|x86.ActiveCfg = Debug|Any CPU
		{EAEACCB8-9A85-4F57-ABC2-94D007687DC2}.Debug|x86.Build.0 = Debug|Any CPU
		{EAEACCB8-9A85-4F57-ABC2-94D007687DC2}.Release|Any CPU.ActiveCfg = Release|Any CPU
		{EAEACCB8-9A85-4F57-ABC2-94D007687DC2}.Release|Any CPU.Build.0 = Release|Any CPU
		{EAEACCB8-9A85-4F57-ABC2-94D007687DC2}.Release|x64.ActiveCfg = Release|Any CPU
		{EAEACCB8-9A85-4F57-ABC2-94D007687DC2}.Release|x64.Build.0 = Release|Any CPU
		{EAEACCB8-9A85-4F57-ABC2-94D007687DC2}.Release|x86.ActiveCfg = Release|Any CPU
		{EAEACCB8-9A85-4F57-ABC2-94D007687DC2}.Release|x86.Build.0 = Release|Any CPU
		{39B1A312-ED2D-4868-8BBF-B8B4CD574922}.Debug|Any CPU.ActiveCfg = Debug|Any CPU
		{39B1A312-ED2D-4868-8BBF-B8B4CD574922}.Debug|Any CPU.Build.0 = Debug|Any CPU
		{39B1A312-ED2D-4868-8BBF-B8B4CD574922}.Debug|x64.ActiveCfg = Debug|Any CPU
		{39B1A312-ED2D-4868-8BBF-B8B4CD574922}.Debug|x64.Build.0 = Debug|Any CPU
		{39B1A312-ED2D-4868-8BBF-B8B4CD574922}.Debug|x86.ActiveCfg = Debug|Any CPU
		{39B1A312-ED2D-4868-8BBF-B8B4CD574922}.Debug|x86.Build.0 = Debug|Any CPU
		{39B1A312-ED2D-4868-8BBF-B8B4CD574922}.Release|Any CPU.ActiveCfg = Release|Any CPU
		{39B1A312-ED2D-4868-8BBF-B8B4CD574922}.Release|Any CPU.Build.0 = Release|Any CPU
		{39B1A312-ED2D-4868-8BBF-B8B4CD574922}.Release|x64.ActiveCfg = Release|Any CPU
		{39B1A312-ED2D-4868-8BBF-B8B4CD574922}.Release|x64.Build.0 = Release|Any CPU
		{39B1A312-ED2D-4868-8BBF-B8B4CD574922}.Release|x86.ActiveCfg = Release|Any CPU
		{39B1A312-ED2D-4868-8BBF-B8B4CD574922}.Release|x86.Build.0 = Release|Any CPU
		{4A11C5FA-0D83-44AE-8645-F6DF41CADE25}.Debug|Any CPU.ActiveCfg = Debug|Any CPU
		{4A11C5FA-0D83-44AE-8645-F6DF41CADE25}.Debug|Any CPU.Build.0 = Debug|Any CPU
		{4A11C5FA-0D83-44AE-8645-F6DF41CADE25}.Debug|x64.ActiveCfg = Debug|Any CPU
		{4A11C5FA-0D83-44AE-8645-F6DF41CADE25}.Debug|x64.Build.0 = Debug|Any CPU
		{4A11C5FA-0D83-44AE-8645-F6DF41CADE25}.Debug|x86.ActiveCfg = Debug|Any CPU
		{4A11C5FA-0D83-44AE-8645-F6DF41CADE25}.Debug|x86.Build.0 = Debug|Any CPU
		{4A11C5FA-0D83-44AE-8645-F6DF41CADE25}.Release|Any CPU.ActiveCfg = Release|Any CPU
		{4A11C5FA-0D83-44AE-8645-F6DF41CADE25}.Release|Any CPU.Build.0 = Release|Any CPU
		{4A11C5FA-0D83-44AE-8645-F6DF41CADE25}.Release|x64.ActiveCfg = Release|Any CPU
		{4A11C5FA-0D83-44AE-8645-F6DF41CADE25}.Release|x64.Build.0 = Release|Any CPU
		{4A11C5FA-0D83-44AE-8645-F6DF41CADE25}.Release|x86.ActiveCfg = Release|Any CPU
		{4A11C5FA-0D83-44AE-8645-F6DF41CADE25}.Release|x86.Build.0 = Release|Any CPU
		{DCEBB01A-6C4A-4793-8449-F0C96E6C53C2}.Debug|Any CPU.ActiveCfg = Debug|x64
		{DCEBB01A-6C4A-4793-8449-F0C96E6C53C2}.Debug|x64.ActiveCfg = Debug|x64
		{DCEBB01A-6C4A-4793-8449-F0C96E6C53C2}.Debug|x64.Build.0 = Debug|x64
		{DCEBB01A-6C4A-4793-8449-F0C96E6C53C2}.Debug|x86.ActiveCfg = Debug|x64
		{DCEBB01A-6C4A-4793-8449-F0C96E6C53C2}.Release|Any CPU.ActiveCfg = Release|x64
		{DCEBB01A-6C4A-4793-8449-F0C96E6C53C2}.Release|x64.ActiveCfg = Release|x64
		{DCEBB01A-6C4A-4793-8449-F0C96E6C53C2}.Release|x64.Build.0 = Release|x64
		{DCEBB01A-6C4A-4793-8449-F0C96E6C53C2}.Release|x86.ActiveCfg = Release|x64
		{077D98E9-BBF8-465A-A61C-CDD5B0EB6D2F}.Debug|Any CPU.ActiveCfg = Debug|x64
		{077D98E9-BBF8-465A-A61C-CDD5B0EB6D2F}.Debug|x64.ActiveCfg = Debug|x64
		{077D98E9-BBF8-465A-A61C-CDD5B0EB6D2F}.Debug|x64.Build.0 = Debug|x64
		{077D98E9-BBF8-465A-A61C-CDD5B0EB6D2F}.Debug|x86.ActiveCfg = Debug|x64
		{077D98E9-BBF8-465A-A61C-CDD5B0EB6D2F}.Release|Any CPU.ActiveCfg = Release|x64
		{077D98E9-BBF8-465A-A61C-CDD5B0EB6D2F}.Release|x64.ActiveCfg = Release|x64
		{077D98E9-BBF8-465A-A61C-CDD5B0EB6D2F}.Release|x64.Build.0 = Release|x64
		{077D98E9-BBF8-465A-A61C-CDD5B0EB6D2F}.Release|x86.ActiveCfg = Release|x64
		{7E73B761-E64C-4EC3-9B65-45443505907B}.Debug|Any CPU.ActiveCfg = Debug|x86
		{7E73B761-E64C-4EC3-9B65-45443505907B}.Debug|x64.ActiveCfg = Debug|x86
		{7E73B761-E64C-4EC3-9B65-45443505907B}.Debug|x86.ActiveCfg = Debug|x86
		{7E73B761-E64C-4EC3-9B65-45443505907B}.Debug|x86.Build.0 = Debug|x86
		{7E73B761-E64C-4EC3-9B65-45443505907B}.Release|Any CPU.ActiveCfg = Release|x86
		{7E73B761-E64C-4EC3-9B65-45443505907B}.Release|x64.ActiveCfg = Release|x86
		{7E73B761-E64C-4EC3-9B65-45443505907B}.Release|x86.ActiveCfg = Release|x86
		{7E73B761-E64C-4EC3-9B65-45443505907B}.Release|x86.Build.0 = Release|x86
		{482ED0C7-EB04-4A6A-A130-959717C22556}.Debug|Any CPU.ActiveCfg = Debug|Any CPU
		{482ED0C7-EB04-4A6A-A130-959717C22556}.Debug|Any CPU.Build.0 = Debug|Any CPU
		{482ED0C7-EB04-4A6A-A130-959717C22556}.Debug|x64.ActiveCfg = Debug|Any CPU
		{482ED0C7-EB04-4A6A-A130-959717C22556}.Debug|x64.Build.0 = Debug|Any CPU
		{482ED0C7-EB04-4A6A-A130-959717C22556}.Debug|x86.ActiveCfg = Debug|Any CPU
		{482ED0C7-EB04-4A6A-A130-959717C22556}.Debug|x86.Build.0 = Debug|Any CPU
		{482ED0C7-EB04-4A6A-A130-959717C22556}.Release|Any CPU.ActiveCfg = Release|Any CPU
		{482ED0C7-EB04-4A6A-A130-959717C22556}.Release|Any CPU.Build.0 = Release|Any CPU
		{482ED0C7-EB04-4A6A-A130-959717C22556}.Release|x64.ActiveCfg = Release|Any CPU
		{482ED0C7-EB04-4A6A-A130-959717C22556}.Release|x64.Build.0 = Release|Any CPU
		{482ED0C7-EB04-4A6A-A130-959717C22556}.Release|x86.ActiveCfg = Release|Any CPU
		{482ED0C7-EB04-4A6A-A130-959717C22556}.Release|x86.Build.0 = Release|Any CPU
		{D118ECDF-9E3C-446B-825F-392F1FBFE0F1}.Debug|Any CPU.ActiveCfg = Debug|Any CPU
		{D118ECDF-9E3C-446B-825F-392F1FBFE0F1}.Debug|Any CPU.Build.0 = Debug|Any CPU
		{D118ECDF-9E3C-446B-825F-392F1FBFE0F1}.Debug|x64.ActiveCfg = Debug|Any CPU
		{D118ECDF-9E3C-446B-825F-392F1FBFE0F1}.Debug|x64.Build.0 = Debug|Any CPU
		{D118ECDF-9E3C-446B-825F-392F1FBFE0F1}.Debug|x86.ActiveCfg = Debug|Any CPU
		{D118ECDF-9E3C-446B-825F-392F1FBFE0F1}.Debug|x86.Build.0 = Debug|Any CPU
		{D118ECDF-9E3C-446B-825F-392F1FBFE0F1}.Release|Any CPU.ActiveCfg = Release|Any CPU
		{D118ECDF-9E3C-446B-825F-392F1FBFE0F1}.Release|Any CPU.Build.0 = Release|Any CPU
		{D118ECDF-9E3C-446B-825F-392F1FBFE0F1}.Release|x64.ActiveCfg = Release|Any CPU
		{D118ECDF-9E3C-446B-825F-392F1FBFE0F1}.Release|x64.Build.0 = Release|Any CPU
		{D118ECDF-9E3C-446B-825F-392F1FBFE0F1}.Release|x86.ActiveCfg = Release|Any CPU
		{D118ECDF-9E3C-446B-825F-392F1FBFE0F1}.Release|x86.Build.0 = Release|Any CPU
		{03952732-BC74-45E4-9DE0-C59BC437C49B}.Debug|Any CPU.ActiveCfg = Debug|Any CPU
		{03952732-BC74-45E4-9DE0-C59BC437C49B}.Debug|Any CPU.Build.0 = Debug|Any CPU
		{03952732-BC74-45E4-9DE0-C59BC437C49B}.Debug|x64.ActiveCfg = Debug|Any CPU
		{03952732-BC74-45E4-9DE0-C59BC437C49B}.Debug|x64.Build.0 = Debug|Any CPU
		{03952732-BC74-45E4-9DE0-C59BC437C49B}.Debug|x86.ActiveCfg = Debug|Any CPU
		{03952732-BC74-45E4-9DE0-C59BC437C49B}.Debug|x86.Build.0 = Debug|Any CPU
		{03952732-BC74-45E4-9DE0-C59BC437C49B}.Release|Any CPU.ActiveCfg = Release|Any CPU
		{03952732-BC74-45E4-9DE0-C59BC437C49B}.Release|Any CPU.Build.0 = Release|Any CPU
		{03952732-BC74-45E4-9DE0-C59BC437C49B}.Release|x64.ActiveCfg = Release|Any CPU
		{03952732-BC74-45E4-9DE0-C59BC437C49B}.Release|x64.Build.0 = Release|Any CPU
		{03952732-BC74-45E4-9DE0-C59BC437C49B}.Release|x86.ActiveCfg = Release|Any CPU
		{03952732-BC74-45E4-9DE0-C59BC437C49B}.Release|x86.Build.0 = Release|Any CPU
		{A94A1FB5-DBCE-4A39-8C90-CAE93B5CB675}.Debug|Any CPU.ActiveCfg = Debug|Any CPU
		{A94A1FB5-DBCE-4A39-8C90-CAE93B5CB675}.Debug|Any CPU.Build.0 = Debug|Any CPU
		{A94A1FB5-DBCE-4A39-8C90-CAE93B5CB675}.Debug|x64.ActiveCfg = Debug|Any CPU
		{A94A1FB5-DBCE-4A39-8C90-CAE93B5CB675}.Debug|x64.Build.0 = Debug|Any CPU
		{A94A1FB5-DBCE-4A39-8C90-CAE93B5CB675}.Debug|x86.ActiveCfg = Debug|Any CPU
		{A94A1FB5-DBCE-4A39-8C90-CAE93B5CB675}.Debug|x86.Build.0 = Debug|Any CPU
		{A94A1FB5-DBCE-4A39-8C90-CAE93B5CB675}.Release|Any CPU.ActiveCfg = Release|Any CPU
		{A94A1FB5-DBCE-4A39-8C90-CAE93B5CB675}.Release|Any CPU.Build.0 = Release|Any CPU
		{A94A1FB5-DBCE-4A39-8C90-CAE93B5CB675}.Release|x64.ActiveCfg = Release|Any CPU
		{A94A1FB5-DBCE-4A39-8C90-CAE93B5CB675}.Release|x64.Build.0 = Release|Any CPU
		{A94A1FB5-DBCE-4A39-8C90-CAE93B5CB675}.Release|x86.ActiveCfg = Release|Any CPU
		{A94A1FB5-DBCE-4A39-8C90-CAE93B5CB675}.Release|x86.Build.0 = Release|Any CPU
		{4E8CF5F5-BB0F-4A82-94CE-69E4A078972B}.Debug|Any CPU.ActiveCfg = Debug|x64
		{4E8CF5F5-BB0F-4A82-94CE-69E4A078972B}.Debug|x64.ActiveCfg = Debug|x64
		{4E8CF5F5-BB0F-4A82-94CE-69E4A078972B}.Debug|x64.Build.0 = Debug|x64
		{4E8CF5F5-BB0F-4A82-94CE-69E4A078972B}.Debug|x86.ActiveCfg = Debug|x64
		{4E8CF5F5-BB0F-4A82-94CE-69E4A078972B}.Release|Any CPU.ActiveCfg = Release|x64
		{4E8CF5F5-BB0F-4A82-94CE-69E4A078972B}.Release|x64.ActiveCfg = Release|x64
		{4E8CF5F5-BB0F-4A82-94CE-69E4A078972B}.Release|x64.Build.0 = Release|x64
		{4E8CF5F5-BB0F-4A82-94CE-69E4A078972B}.Release|x86.ActiveCfg = Release|x64
		{C60F3486-8846-4690-87C0-0CB16136EBB3}.Debug|Any CPU.ActiveCfg = Debug|x64
		{C60F3486-8846-4690-87C0-0CB16136EBB3}.Debug|x64.ActiveCfg = Debug|x64
		{C60F3486-8846-4690-87C0-0CB16136EBB3}.Debug|x64.Build.0 = Debug|x64
		{C60F3486-8846-4690-87C0-0CB16136EBB3}.Debug|x86.ActiveCfg = Debug|x64
		{C60F3486-8846-4690-87C0-0CB16136EBB3}.Release|Any CPU.ActiveCfg = Release|x64
		{C60F3486-8846-4690-87C0-0CB16136EBB3}.Release|x64.ActiveCfg = Release|x64
		{C60F3486-8846-4690-87C0-0CB16136EBB3}.Release|x64.Build.0 = Release|x64
		{C60F3486-8846-4690-87C0-0CB16136EBB3}.Release|x86.ActiveCfg = Release|x64
	EndGlobalSection
	GlobalSection(SolutionProperties) = preSolution
		HideSolutionNode = FALSE
	EndGlobalSection
	GlobalSection(NestedProjects) = preSolution
		{BAAC94B2-88C6-405B-A8F1-C130464405FA} = {A6B2DE5A-07ED-40D2-9D99-215B48C8D1AF}
		{4A11C5FA-0D83-44AE-8645-F6DF41CADE25} = {D56CCFF2-71C9-406D-9E5B-F09949FA6775}
		{DCEBB01A-6C4A-4793-8449-F0C96E6C53C2} = {D56CCFF2-71C9-406D-9E5B-F09949FA6775}
		{077D98E9-BBF8-465A-A61C-CDD5B0EB6D2F} = {D56CCFF2-71C9-406D-9E5B-F09949FA6775}
		{7E73B761-E64C-4EC3-9B65-45443505907B} = {D56CCFF2-71C9-406D-9E5B-F09949FA6775}
		{482ED0C7-EB04-4A6A-A130-959717C22556} = {25C4FBF4-EF53-4E55-97E1-55587A5228CA}
		{D118ECDF-9E3C-446B-825F-392F1FBFE0F1} = {25C4FBF4-EF53-4E55-97E1-55587A5228CA}
		{03952732-BC74-45E4-9DE0-C59BC437C49B} = {25C4FBF4-EF53-4E55-97E1-55587A5228CA}
		{A94A1FB5-DBCE-4A39-8C90-CAE93B5CB675} = {25C4FBF4-EF53-4E55-97E1-55587A5228CA}
		{4E8CF5F5-BB0F-4A82-94CE-69E4A078972B} = {D56CCFF2-71C9-406D-9E5B-F09949FA6775}
		{C60F3486-8846-4690-87C0-0CB16136EBB3} = {D56CCFF2-71C9-406D-9E5B-F09949FA6775}
	EndGlobalSection
	GlobalSection(ExtensibilityGlobals) = postSolution
		SolutionGuid = {970C1133-7B56-4953-B1D8-AEA029C44561}
	EndGlobalSection
EndGlobal
