
Microsoft Visual Studio Solution File, Format Version 12.00
# Visual Studio 15
VisualStudioVersion = 15.0.27130.2020
MinimumVisualStudioVersion = 10.0.40219.1
Project("{9A19103F-16F7-4668-BE54-9A1E7A4F7556}") = "Chromely.Core", "Chromely.Core\Chromely.Core.csproj", "{5EDBC83F-2229-4BD4-8E18-82B736A47119}"
EndProject
Project("{9A19103F-16F7-4668-BE54-9A1E7A4F7556}") = "Chromely.CefSharp.Winapi", "Chromely.CefSharp.Winapi\Chromely.CefSharp.Winapi.csproj", "{39B1A312-ED2D-4868-8BBF-B8B4CD574922}"
EndProject
Project("{2150E333-8FDC-42A3-9474-1A3956D46DE8}") = "Tests", "Tests", "{25C4FBF4-EF53-4E55-97E1-55587A5228CA}"
EndProject
Project("{9A19103F-16F7-4668-BE54-9A1E7A4F7556}") = "Chromely.Core.Tests", "Tests\Chromely.Core.Tests\Chromely.Core.Tests.csproj", "{482ED0C7-EB04-4A6A-A130-959717C22556}"
EndProject
Project("{9A19103F-16F7-4668-BE54-9A1E7A4F7556}") = "Chromely.CefSharp.Winapi.Tests", "Tests\Chromely.CefSharp.Winapi.Tests\Chromely.CefSharp.Winapi.Tests.csproj", "{03952732-BC74-45E4-9DE0-C59BC437C49B}"
EndProject
Project("{9A19103F-16F7-4668-BE54-9A1E7A4F7556}") = "Chromely.CefGlue.Tests", "Tests\Chromely.CefGlue.Tests\Chromely.CefGlue.Tests.csproj", "{A94A1FB5-DBCE-4A39-8C90-CAE93B5CB675}"
EndProject
Project("{9A19103F-16F7-4668-BE54-9A1E7A4F7556}") = "Chromely.CefGlue", "Chromely.CefGlue\Chromely.CefGlue.csproj", "{6EA9A40F-EC11-4F9E-B74E-4B4E6EA0DFFB}"
EndProject
Project("{9A19103F-16F7-4668-BE54-9A1E7A4F7556}") = "Chromely.CefGlue.Gtk", "Chromely.CefGlue.Gtk\Chromely.CefGlue.Gtk.csproj", "{3A898E21-7D41-4775-9D00-7902D8B7C9C5}"
EndProject
Project("{9A19103F-16F7-4668-BE54-9A1E7A4F7556}") = "Chromely.CefGlue.Winapi", "Chromely.CefGlue.Winapi\Chromely.CefGlue.Winapi.csproj", "{B54E5806-3A8D-4F37-9AA4-2962AD9FE033}"
EndProject
Project("{2150E333-8FDC-42A3-9474-1A3956D46DE8}") = "nugets", "nugets", "{0CDBDDCA-3A3F-4690-A01A-0D3E689618A1}"
EndProject
Project("{2150E333-8FDC-42A3-9474-1A3956D46DE8}") = "Solution Items", "Solution Items", "{6FCE6798-2E61-449E-9D0B-79ADC88742AC}"
	ProjectSection(SolutionItems) = preProject
		..\ReleaseNotes.md = ..\ReleaseNotes.md
	EndProjectSection
EndProject
Project("{2150E333-8FDC-42A3-9474-1A3956D46DE8}") = "Subprocesses", "Subprocesses", "{3B2D7662-90A5-477A-B5DE-640154F73556}"
	ProjectSection(SolutionItems) = preProject
		Subprocesses\nuget.exe = Subprocesses\nuget.exe
		Subprocesses\publish.ps1 = Subprocesses\publish.ps1
	EndProjectSection
EndProject
Project("{9A19103F-16F7-4668-BE54-9A1E7A4F7556}") = "Chromely.CefGlue.Win.Subprocess", "Subprocesses\Chromely.CefGlue.Win.Subprocess\Chromely.CefGlue.Win.Subprocess.csproj", "{8E2A8BE5-7ABA-47B7-B4E3-2386E9DA88DF}"
EndProject
Project("{9A19103F-16F7-4668-BE54-9A1E7A4F7556}") = "Chromely.CefGlue.Linux.Subprocess", "Subprocesses\Chromely.CefGlue.Linux.Subprocess\Chromely.CefGlue.Linux.Subprocess.csproj", "{3B985DD7-FE75-4002-A90D-0AF4D0CECA19}"
EndProject
Project("{9A19103F-16F7-4668-BE54-9A1E7A4F7556}") = "Chromely.CefGlue.Mac.Subprocess", "Subprocesses\Chromely.CefGlue.Mac.Subprocess\Chromely.CefGlue.Mac.Subprocess.csproj", "{DB321BDD-AE53-4F77-84C3-815E9FA688D4}"
EndProject
Project("{9A19103F-16F7-4668-BE54-9A1E7A4F7556}") = "Chromely.Dialogs", "Chromely.Dialogs\Chromely.Dialogs.csproj", "{7A9BD1D4-6174-4E1B-8000-646946F123BB}"
EndProject
Project("{9A19103F-16F7-4668-BE54-9A1E7A4F7556}") = "Chromely.CefGlue.Integration.TestApp", "Tests\Chromely.CefGlue.Integration.TestApp\Chromely.CefGlue.Integration.TestApp.csproj", "{AF9D9003-92D4-4F81-BB1E-AA2406749FEC}"
EndProject
Project("{9A19103F-16F7-4668-BE54-9A1E7A4F7556}") = "Chromely.CefSharp.Integration.TestApp", "Tests\Chromely.CefSharp.Integration.TestApp\Chromely.CefSharp.Integration.TestApp.csproj", "{4C6976FC-11C3-4CF4-B421-3517815ADC88}"
EndProject
Project("{2150E333-8FDC-42A3-9474-1A3956D46DE8}") = "WinapiCommon", "WinapiCommon", "{C600A7EE-24D8-46F3-9776-E0B1D0D72515}"
	ProjectSection(SolutionItems) = preProject
		Common\ChromeWidgetMessageInterceptor.cs = Common\ChromeWidgetMessageInterceptor.cs
		Common\NativeMethods.cs = Common\NativeMethods.cs
		Common\NativeWindowBase.cs = Common\NativeWindowBase.cs
		Common\WinapiConfigurationExtension.cs = Common\WinapiConfigurationExtension.cs
		Common\WindowCreationStyle.cs = Common\WindowCreationStyle.cs
	EndProjectSection
EndProject
Global
	GlobalSection(SolutionConfigurationPlatforms) = preSolution
		Debug|Any CPU = Debug|Any CPU
		Debug|x64 = Debug|x64
		Debug|x86 = Debug|x86
		DebugLinux|Any CPU = DebugLinux|Any CPU
		DebugLinux|x64 = DebugLinux|x64
		DebugLinux|x86 = DebugLinux|x86
		Release|Any CPU = Release|Any CPU
		Release|x64 = Release|x64
		Release|x86 = Release|x86
		ReleaseLinux|Any CPU = ReleaseLinux|Any CPU
		ReleaseLinux|x64 = ReleaseLinux|x64
		ReleaseLinux|x86 = ReleaseLinux|x86
	EndGlobalSection
	GlobalSection(ProjectConfigurationPlatforms) = postSolution
		{5EDBC83F-2229-4BD4-8E18-82B736A47119}.Debug|Any CPU.ActiveCfg = Debug|Any CPU
		{5EDBC83F-2229-4BD4-8E18-82B736A47119}.Debug|Any CPU.Build.0 = Debug|Any CPU
		{5EDBC83F-2229-4BD4-8E18-82B736A47119}.Debug|x64.ActiveCfg = Debug|Any CPU
		{5EDBC83F-2229-4BD4-8E18-82B736A47119}.Debug|x64.Build.0 = Debug|Any CPU
		{5EDBC83F-2229-4BD4-8E18-82B736A47119}.Debug|x86.ActiveCfg = Debug|Any CPU
		{5EDBC83F-2229-4BD4-8E18-82B736A47119}.Debug|x86.Build.0 = Debug|Any CPU
		{5EDBC83F-2229-4BD4-8E18-82B736A47119}.DebugLinux|Any CPU.ActiveCfg = DebugLinux|Any CPU
		{5EDBC83F-2229-4BD4-8E18-82B736A47119}.DebugLinux|Any CPU.Build.0 = DebugLinux|Any CPU
		{5EDBC83F-2229-4BD4-8E18-82B736A47119}.DebugLinux|x64.ActiveCfg = DebugLinux|Any CPU
		{5EDBC83F-2229-4BD4-8E18-82B736A47119}.DebugLinux|x64.Build.0 = DebugLinux|Any CPU
		{5EDBC83F-2229-4BD4-8E18-82B736A47119}.DebugLinux|x86.ActiveCfg = DebugLinux|Any CPU
		{5EDBC83F-2229-4BD4-8E18-82B736A47119}.DebugLinux|x86.Build.0 = DebugLinux|Any CPU
		{5EDBC83F-2229-4BD4-8E18-82B736A47119}.Release|Any CPU.ActiveCfg = Release|Any CPU
		{5EDBC83F-2229-4BD4-8E18-82B736A47119}.Release|Any CPU.Build.0 = Release|Any CPU
		{5EDBC83F-2229-4BD4-8E18-82B736A47119}.Release|x64.ActiveCfg = Release|Any CPU
		{5EDBC83F-2229-4BD4-8E18-82B736A47119}.Release|x64.Build.0 = Release|Any CPU
		{5EDBC83F-2229-4BD4-8E18-82B736A47119}.Release|x86.ActiveCfg = Release|Any CPU
		{5EDBC83F-2229-4BD4-8E18-82B736A47119}.Release|x86.Build.0 = Release|Any CPU
		{5EDBC83F-2229-4BD4-8E18-82B736A47119}.ReleaseLinux|Any CPU.ActiveCfg = ReleaseLinux|Any CPU
		{5EDBC83F-2229-4BD4-8E18-82B736A47119}.ReleaseLinux|Any CPU.Build.0 = ReleaseLinux|Any CPU
		{5EDBC83F-2229-4BD4-8E18-82B736A47119}.ReleaseLinux|x64.ActiveCfg = ReleaseLinux|Any CPU
		{5EDBC83F-2229-4BD4-8E18-82B736A47119}.ReleaseLinux|x64.Build.0 = ReleaseLinux|Any CPU
		{5EDBC83F-2229-4BD4-8E18-82B736A47119}.ReleaseLinux|x86.ActiveCfg = ReleaseLinux|Any CPU
		{5EDBC83F-2229-4BD4-8E18-82B736A47119}.ReleaseLinux|x86.Build.0 = ReleaseLinux|Any CPU
		{39B1A312-ED2D-4868-8BBF-B8B4CD574922}.Debug|Any CPU.ActiveCfg = Debug|Any CPU
		{39B1A312-ED2D-4868-8BBF-B8B4CD574922}.Debug|Any CPU.Build.0 = Debug|Any CPU
		{39B1A312-ED2D-4868-8BBF-B8B4CD574922}.Debug|x64.ActiveCfg = Debug|Any CPU
		{39B1A312-ED2D-4868-8BBF-B8B4CD574922}.Debug|x64.Build.0 = Debug|Any CPU
		{39B1A312-ED2D-4868-8BBF-B8B4CD574922}.Debug|x86.ActiveCfg = Debug|Any CPU
		{39B1A312-ED2D-4868-8BBF-B8B4CD574922}.Debug|x86.Build.0 = Debug|Any CPU
		{39B1A312-ED2D-4868-8BBF-B8B4CD574922}.DebugLinux|Any CPU.ActiveCfg = DebugLinux|Any CPU
		{39B1A312-ED2D-4868-8BBF-B8B4CD574922}.DebugLinux|Any CPU.Build.0 = DebugLinux|Any CPU
		{39B1A312-ED2D-4868-8BBF-B8B4CD574922}.DebugLinux|x64.ActiveCfg = DebugLinux|Any CPU
		{39B1A312-ED2D-4868-8BBF-B8B4CD574922}.DebugLinux|x64.Build.0 = DebugLinux|Any CPU
		{39B1A312-ED2D-4868-8BBF-B8B4CD574922}.DebugLinux|x86.ActiveCfg = DebugLinux|Any CPU
		{39B1A312-ED2D-4868-8BBF-B8B4CD574922}.DebugLinux|x86.Build.0 = DebugLinux|Any CPU
		{39B1A312-ED2D-4868-8BBF-B8B4CD574922}.Release|Any CPU.ActiveCfg = Release|Any CPU
		{39B1A312-ED2D-4868-8BBF-B8B4CD574922}.Release|Any CPU.Build.0 = Release|Any CPU
		{39B1A312-ED2D-4868-8BBF-B8B4CD574922}.Release|x64.ActiveCfg = Release|Any CPU
		{39B1A312-ED2D-4868-8BBF-B8B4CD574922}.Release|x64.Build.0 = Release|Any CPU
		{39B1A312-ED2D-4868-8BBF-B8B4CD574922}.Release|x86.ActiveCfg = Release|Any CPU
		{39B1A312-ED2D-4868-8BBF-B8B4CD574922}.Release|x86.Build.0 = Release|Any CPU
		{39B1A312-ED2D-4868-8BBF-B8B4CD574922}.ReleaseLinux|Any CPU.ActiveCfg = ReleaseLinux|Any CPU
		{39B1A312-ED2D-4868-8BBF-B8B4CD574922}.ReleaseLinux|x64.ActiveCfg = ReleaseLinux|Any CPU
		{39B1A312-ED2D-4868-8BBF-B8B4CD574922}.ReleaseLinux|x64.Build.0 = ReleaseLinux|Any CPU
		{39B1A312-ED2D-4868-8BBF-B8B4CD574922}.ReleaseLinux|x86.ActiveCfg = ReleaseLinux|Any CPU
		{39B1A312-ED2D-4868-8BBF-B8B4CD574922}.ReleaseLinux|x86.Build.0 = ReleaseLinux|Any CPU
		{482ED0C7-EB04-4A6A-A130-959717C22556}.Debug|Any CPU.ActiveCfg = Debug|Any CPU
		{482ED0C7-EB04-4A6A-A130-959717C22556}.Debug|Any CPU.Build.0 = Debug|Any CPU
		{482ED0C7-EB04-4A6A-A130-959717C22556}.Debug|x64.ActiveCfg = Debug|Any CPU
		{482ED0C7-EB04-4A6A-A130-959717C22556}.Debug|x64.Build.0 = Debug|Any CPU
		{482ED0C7-EB04-4A6A-A130-959717C22556}.Debug|x86.ActiveCfg = Debug|Any CPU
		{482ED0C7-EB04-4A6A-A130-959717C22556}.Debug|x86.Build.0 = Debug|Any CPU
		{482ED0C7-EB04-4A6A-A130-959717C22556}.DebugLinux|Any CPU.ActiveCfg = DebugLinux|Any CPU
		{482ED0C7-EB04-4A6A-A130-959717C22556}.DebugLinux|Any CPU.Build.0 = DebugLinux|Any CPU
		{482ED0C7-EB04-4A6A-A130-959717C22556}.DebugLinux|x64.ActiveCfg = DebugLinux|Any CPU
		{482ED0C7-EB04-4A6A-A130-959717C22556}.DebugLinux|x64.Build.0 = DebugLinux|Any CPU
		{482ED0C7-EB04-4A6A-A130-959717C22556}.DebugLinux|x86.ActiveCfg = DebugLinux|Any CPU
		{482ED0C7-EB04-4A6A-A130-959717C22556}.DebugLinux|x86.Build.0 = DebugLinux|Any CPU
		{482ED0C7-EB04-4A6A-A130-959717C22556}.Release|Any CPU.ActiveCfg = Release|Any CPU
		{482ED0C7-EB04-4A6A-A130-959717C22556}.Release|Any CPU.Build.0 = Release|Any CPU
		{482ED0C7-EB04-4A6A-A130-959717C22556}.Release|x64.ActiveCfg = Release|Any CPU
		{482ED0C7-EB04-4A6A-A130-959717C22556}.Release|x64.Build.0 = Release|Any CPU
		{482ED0C7-EB04-4A6A-A130-959717C22556}.Release|x86.ActiveCfg = Release|Any CPU
		{482ED0C7-EB04-4A6A-A130-959717C22556}.Release|x86.Build.0 = Release|Any CPU
		{482ED0C7-EB04-4A6A-A130-959717C22556}.ReleaseLinux|Any CPU.ActiveCfg = ReleaseLinux|Any CPU
		{482ED0C7-EB04-4A6A-A130-959717C22556}.ReleaseLinux|Any CPU.Build.0 = ReleaseLinux|Any CPU
		{482ED0C7-EB04-4A6A-A130-959717C22556}.ReleaseLinux|x64.ActiveCfg = ReleaseLinux|Any CPU
		{482ED0C7-EB04-4A6A-A130-959717C22556}.ReleaseLinux|x64.Build.0 = ReleaseLinux|Any CPU
		{482ED0C7-EB04-4A6A-A130-959717C22556}.ReleaseLinux|x86.ActiveCfg = ReleaseLinux|Any CPU
		{482ED0C7-EB04-4A6A-A130-959717C22556}.ReleaseLinux|x86.Build.0 = ReleaseLinux|Any CPU
		{03952732-BC74-45E4-9DE0-C59BC437C49B}.Debug|Any CPU.ActiveCfg = Debug|x64
		{03952732-BC74-45E4-9DE0-C59BC437C49B}.Debug|Any CPU.Build.0 = Debug|x64
		{03952732-BC74-45E4-9DE0-C59BC437C49B}.Debug|x64.ActiveCfg = Debug|x86
		{03952732-BC74-45E4-9DE0-C59BC437C49B}.Debug|x64.Build.0 = Debug|x86
		{03952732-BC74-45E4-9DE0-C59BC437C49B}.Debug|x86.ActiveCfg = Debug|x64
		{03952732-BC74-45E4-9DE0-C59BC437C49B}.Debug|x86.Build.0 = Debug|x64
		{03952732-BC74-45E4-9DE0-C59BC437C49B}.DebugLinux|Any CPU.ActiveCfg = DebugLinux|Any CPU
		{03952732-BC74-45E4-9DE0-C59BC437C49B}.DebugLinux|Any CPU.Build.0 = DebugLinux|Any CPU
		{03952732-BC74-45E4-9DE0-C59BC437C49B}.DebugLinux|x64.ActiveCfg = DebugLinux|x64
		{03952732-BC74-45E4-9DE0-C59BC437C49B}.DebugLinux|x64.Build.0 = DebugLinux|x64
		{03952732-BC74-45E4-9DE0-C59BC437C49B}.DebugLinux|x86.ActiveCfg = DebugLinux|x86
		{03952732-BC74-45E4-9DE0-C59BC437C49B}.DebugLinux|x86.Build.0 = DebugLinux|x86
		{03952732-BC74-45E4-9DE0-C59BC437C49B}.Release|Any CPU.ActiveCfg = Release|x64
		{03952732-BC74-45E4-9DE0-C59BC437C49B}.Release|Any CPU.Build.0 = Release|x64
		{03952732-BC74-45E4-9DE0-C59BC437C49B}.Release|x64.ActiveCfg = Release|x64
		{03952732-BC74-45E4-9DE0-C59BC437C49B}.Release|x64.Build.0 = Release|x64
		{03952732-BC74-45E4-9DE0-C59BC437C49B}.Release|x86.ActiveCfg = Release|x64
		{03952732-BC74-45E4-9DE0-C59BC437C49B}.Release|x86.Build.0 = Release|x64
		{03952732-BC74-45E4-9DE0-C59BC437C49B}.ReleaseLinux|Any CPU.ActiveCfg = ReleaseLinux|Any CPU
		{03952732-BC74-45E4-9DE0-C59BC437C49B}.ReleaseLinux|x64.ActiveCfg = ReleaseLinux|x64
		{03952732-BC74-45E4-9DE0-C59BC437C49B}.ReleaseLinux|x64.Build.0 = ReleaseLinux|x64
		{03952732-BC74-45E4-9DE0-C59BC437C49B}.ReleaseLinux|x86.ActiveCfg = ReleaseLinux|x86
		{03952732-BC74-45E4-9DE0-C59BC437C49B}.ReleaseLinux|x86.Build.0 = ReleaseLinux|x86
		{A94A1FB5-DBCE-4A39-8C90-CAE93B5CB675}.Debug|Any CPU.ActiveCfg = Debug|Any CPU
		{A94A1FB5-DBCE-4A39-8C90-CAE93B5CB675}.Debug|Any CPU.Build.0 = Debug|Any CPU
		{A94A1FB5-DBCE-4A39-8C90-CAE93B5CB675}.Debug|x64.ActiveCfg = Debug|Any CPU
		{A94A1FB5-DBCE-4A39-8C90-CAE93B5CB675}.Debug|x64.Build.0 = Debug|Any CPU
		{A94A1FB5-DBCE-4A39-8C90-CAE93B5CB675}.Debug|x86.ActiveCfg = Debug|Any CPU
		{A94A1FB5-DBCE-4A39-8C90-CAE93B5CB675}.Debug|x86.Build.0 = Debug|Any CPU
		{A94A1FB5-DBCE-4A39-8C90-CAE93B5CB675}.DebugLinux|Any CPU.ActiveCfg = DebugLinux|Any CPU
		{A94A1FB5-DBCE-4A39-8C90-CAE93B5CB675}.DebugLinux|Any CPU.Build.0 = DebugLinux|Any CPU
		{A94A1FB5-DBCE-4A39-8C90-CAE93B5CB675}.DebugLinux|x64.ActiveCfg = DebugLinux|Any CPU
		{A94A1FB5-DBCE-4A39-8C90-CAE93B5CB675}.DebugLinux|x64.Build.0 = DebugLinux|Any CPU
		{A94A1FB5-DBCE-4A39-8C90-CAE93B5CB675}.DebugLinux|x86.ActiveCfg = DebugLinux|Any CPU
		{A94A1FB5-DBCE-4A39-8C90-CAE93B5CB675}.DebugLinux|x86.Build.0 = DebugLinux|Any CPU
		{A94A1FB5-DBCE-4A39-8C90-CAE93B5CB675}.Release|Any CPU.ActiveCfg = Release|Any CPU
		{A94A1FB5-DBCE-4A39-8C90-CAE93B5CB675}.Release|Any CPU.Build.0 = Release|Any CPU
		{A94A1FB5-DBCE-4A39-8C90-CAE93B5CB675}.Release|x64.ActiveCfg = Release|Any CPU
		{A94A1FB5-DBCE-4A39-8C90-CAE93B5CB675}.Release|x64.Build.0 = Release|Any CPU
		{A94A1FB5-DBCE-4A39-8C90-CAE93B5CB675}.Release|x86.ActiveCfg = Release|Any CPU
		{A94A1FB5-DBCE-4A39-8C90-CAE93B5CB675}.Release|x86.Build.0 = Release|Any CPU
		{A94A1FB5-DBCE-4A39-8C90-CAE93B5CB675}.ReleaseLinux|Any CPU.ActiveCfg = ReleaseLinux|Any CPU
		{A94A1FB5-DBCE-4A39-8C90-CAE93B5CB675}.ReleaseLinux|Any CPU.Build.0 = ReleaseLinux|Any CPU
		{A94A1FB5-DBCE-4A39-8C90-CAE93B5CB675}.ReleaseLinux|x64.ActiveCfg = ReleaseLinux|Any CPU
		{A94A1FB5-DBCE-4A39-8C90-CAE93B5CB675}.ReleaseLinux|x64.Build.0 = ReleaseLinux|Any CPU
		{A94A1FB5-DBCE-4A39-8C90-CAE93B5CB675}.ReleaseLinux|x86.ActiveCfg = ReleaseLinux|Any CPU
		{A94A1FB5-DBCE-4A39-8C90-CAE93B5CB675}.ReleaseLinux|x86.Build.0 = ReleaseLinux|Any CPU
		{6EA9A40F-EC11-4F9E-B74E-4B4E6EA0DFFB}.Debug|Any CPU.ActiveCfg = Debug|Any CPU
		{6EA9A40F-EC11-4F9E-B74E-4B4E6EA0DFFB}.Debug|Any CPU.Build.0 = Debug|Any CPU
		{6EA9A40F-EC11-4F9E-B74E-4B4E6EA0DFFB}.Debug|x64.ActiveCfg = Debug|Any CPU
		{6EA9A40F-EC11-4F9E-B74E-4B4E6EA0DFFB}.Debug|x64.Build.0 = Debug|Any CPU
		{6EA9A40F-EC11-4F9E-B74E-4B4E6EA0DFFB}.Debug|x86.ActiveCfg = Debug|Any CPU
		{6EA9A40F-EC11-4F9E-B74E-4B4E6EA0DFFB}.Debug|x86.Build.0 = Debug|Any CPU
		{6EA9A40F-EC11-4F9E-B74E-4B4E6EA0DFFB}.DebugLinux|Any CPU.ActiveCfg = DebugLinux|Any CPU
		{6EA9A40F-EC11-4F9E-B74E-4B4E6EA0DFFB}.DebugLinux|Any CPU.Build.0 = DebugLinux|Any CPU
		{6EA9A40F-EC11-4F9E-B74E-4B4E6EA0DFFB}.DebugLinux|x64.ActiveCfg = DebugLinux|Any CPU
		{6EA9A40F-EC11-4F9E-B74E-4B4E6EA0DFFB}.DebugLinux|x64.Build.0 = DebugLinux|Any CPU
		{6EA9A40F-EC11-4F9E-B74E-4B4E6EA0DFFB}.DebugLinux|x86.ActiveCfg = DebugLinux|Any CPU
		{6EA9A40F-EC11-4F9E-B74E-4B4E6EA0DFFB}.DebugLinux|x86.Build.0 = DebugLinux|Any CPU
		{6EA9A40F-EC11-4F9E-B74E-4B4E6EA0DFFB}.Release|Any CPU.ActiveCfg = Release|Any CPU
		{6EA9A40F-EC11-4F9E-B74E-4B4E6EA0DFFB}.Release|Any CPU.Build.0 = Release|Any CPU
		{6EA9A40F-EC11-4F9E-B74E-4B4E6EA0DFFB}.Release|x64.ActiveCfg = Release|Any CPU
		{6EA9A40F-EC11-4F9E-B74E-4B4E6EA0DFFB}.Release|x64.Build.0 = Release|Any CPU
		{6EA9A40F-EC11-4F9E-B74E-4B4E6EA0DFFB}.Release|x86.ActiveCfg = Release|Any CPU
		{6EA9A40F-EC11-4F9E-B74E-4B4E6EA0DFFB}.Release|x86.Build.0 = Release|Any CPU
		{6EA9A40F-EC11-4F9E-B74E-4B4E6EA0DFFB}.ReleaseLinux|Any CPU.ActiveCfg = ReleaseLinux|Any CPU
		{6EA9A40F-EC11-4F9E-B74E-4B4E6EA0DFFB}.ReleaseLinux|Any CPU.Build.0 = ReleaseLinux|Any CPU
		{6EA9A40F-EC11-4F9E-B74E-4B4E6EA0DFFB}.ReleaseLinux|x64.ActiveCfg = ReleaseLinux|Any CPU
		{6EA9A40F-EC11-4F9E-B74E-4B4E6EA0DFFB}.ReleaseLinux|x64.Build.0 = ReleaseLinux|Any CPU
		{6EA9A40F-EC11-4F9E-B74E-4B4E6EA0DFFB}.ReleaseLinux|x86.ActiveCfg = ReleaseLinux|Any CPU
		{6EA9A40F-EC11-4F9E-B74E-4B4E6EA0DFFB}.ReleaseLinux|x86.Build.0 = ReleaseLinux|Any CPU
		{3A898E21-7D41-4775-9D00-7902D8B7C9C5}.Debug|Any CPU.ActiveCfg = Debug|Any CPU
		{3A898E21-7D41-4775-9D00-7902D8B7C9C5}.Debug|Any CPU.Build.0 = Debug|Any CPU
		{3A898E21-7D41-4775-9D00-7902D8B7C9C5}.Debug|x64.ActiveCfg = Debug|Any CPU
		{3A898E21-7D41-4775-9D00-7902D8B7C9C5}.Debug|x64.Build.0 = Debug|Any CPU
		{3A898E21-7D41-4775-9D00-7902D8B7C9C5}.Debug|x86.ActiveCfg = Debug|Any CPU
		{3A898E21-7D41-4775-9D00-7902D8B7C9C5}.Debug|x86.Build.0 = Debug|Any CPU
		{3A898E21-7D41-4775-9D00-7902D8B7C9C5}.DebugLinux|Any CPU.ActiveCfg = DebugLinux|Any CPU
		{3A898E21-7D41-4775-9D00-7902D8B7C9C5}.DebugLinux|Any CPU.Build.0 = DebugLinux|Any CPU
		{3A898E21-7D41-4775-9D00-7902D8B7C9C5}.DebugLinux|x64.ActiveCfg = DebugLinux|Any CPU
		{3A898E21-7D41-4775-9D00-7902D8B7C9C5}.DebugLinux|x64.Build.0 = DebugLinux|Any CPU
		{3A898E21-7D41-4775-9D00-7902D8B7C9C5}.DebugLinux|x86.ActiveCfg = DebugLinux|Any CPU
		{3A898E21-7D41-4775-9D00-7902D8B7C9C5}.DebugLinux|x86.Build.0 = DebugLinux|Any CPU
		{3A898E21-7D41-4775-9D00-7902D8B7C9C5}.Release|Any CPU.ActiveCfg = Release|Any CPU
		{3A898E21-7D41-4775-9D00-7902D8B7C9C5}.Release|Any CPU.Build.0 = Release|Any CPU
		{3A898E21-7D41-4775-9D00-7902D8B7C9C5}.Release|x64.ActiveCfg = Release|Any CPU
		{3A898E21-7D41-4775-9D00-7902D8B7C9C5}.Release|x64.Build.0 = Release|Any CPU
		{3A898E21-7D41-4775-9D00-7902D8B7C9C5}.Release|x86.ActiveCfg = Release|Any CPU
		{3A898E21-7D41-4775-9D00-7902D8B7C9C5}.Release|x86.Build.0 = Release|Any CPU
		{3A898E21-7D41-4775-9D00-7902D8B7C9C5}.ReleaseLinux|Any CPU.ActiveCfg = ReleaseLinux|Any CPU
		{3A898E21-7D41-4775-9D00-7902D8B7C9C5}.ReleaseLinux|Any CPU.Build.0 = ReleaseLinux|Any CPU
		{3A898E21-7D41-4775-9D00-7902D8B7C9C5}.ReleaseLinux|x64.ActiveCfg = ReleaseLinux|Any CPU
		{3A898E21-7D41-4775-9D00-7902D8B7C9C5}.ReleaseLinux|x64.Build.0 = ReleaseLinux|Any CPU
		{3A898E21-7D41-4775-9D00-7902D8B7C9C5}.ReleaseLinux|x86.ActiveCfg = ReleaseLinux|Any CPU
		{3A898E21-7D41-4775-9D00-7902D8B7C9C5}.ReleaseLinux|x86.Build.0 = ReleaseLinux|Any CPU
		{B54E5806-3A8D-4F37-9AA4-2962AD9FE033}.Debug|Any CPU.ActiveCfg = Debug|Any CPU
		{B54E5806-3A8D-4F37-9AA4-2962AD9FE033}.Debug|Any CPU.Build.0 = Debug|Any CPU
		{B54E5806-3A8D-4F37-9AA4-2962AD9FE033}.Debug|x64.ActiveCfg = Debug|Any CPU
		{B54E5806-3A8D-4F37-9AA4-2962AD9FE033}.Debug|x64.Build.0 = Debug|Any CPU
		{B54E5806-3A8D-4F37-9AA4-2962AD9FE033}.Debug|x86.ActiveCfg = Debug|Any CPU
		{B54E5806-3A8D-4F37-9AA4-2962AD9FE033}.Debug|x86.Build.0 = Debug|Any CPU
		{B54E5806-3A8D-4F37-9AA4-2962AD9FE033}.DebugLinux|Any CPU.ActiveCfg = DebugLinux|Any CPU
		{B54E5806-3A8D-4F37-9AA4-2962AD9FE033}.DebugLinux|Any CPU.Build.0 = DebugLinux|Any CPU
		{B54E5806-3A8D-4F37-9AA4-2962AD9FE033}.DebugLinux|x64.ActiveCfg = DebugLinux|Any CPU
		{B54E5806-3A8D-4F37-9AA4-2962AD9FE033}.DebugLinux|x64.Build.0 = DebugLinux|Any CPU
		{B54E5806-3A8D-4F37-9AA4-2962AD9FE033}.DebugLinux|x86.ActiveCfg = DebugLinux|Any CPU
		{B54E5806-3A8D-4F37-9AA4-2962AD9FE033}.DebugLinux|x86.Build.0 = DebugLinux|Any CPU
		{B54E5806-3A8D-4F37-9AA4-2962AD9FE033}.Release|Any CPU.ActiveCfg = Release|Any CPU
		{B54E5806-3A8D-4F37-9AA4-2962AD9FE033}.Release|Any CPU.Build.0 = Release|Any CPU
		{B54E5806-3A8D-4F37-9AA4-2962AD9FE033}.Release|x64.ActiveCfg = Release|Any CPU
		{B54E5806-3A8D-4F37-9AA4-2962AD9FE033}.Release|x64.Build.0 = Release|Any CPU
		{B54E5806-3A8D-4F37-9AA4-2962AD9FE033}.Release|x86.ActiveCfg = Release|Any CPU
		{B54E5806-3A8D-4F37-9AA4-2962AD9FE033}.Release|x86.Build.0 = Release|Any CPU
		{B54E5806-3A8D-4F37-9AA4-2962AD9FE033}.ReleaseLinux|Any CPU.ActiveCfg = ReleaseLinux|Any CPU
		{B54E5806-3A8D-4F37-9AA4-2962AD9FE033}.ReleaseLinux|Any CPU.Build.0 = ReleaseLinux|Any CPU
		{B54E5806-3A8D-4F37-9AA4-2962AD9FE033}.ReleaseLinux|x64.ActiveCfg = ReleaseLinux|Any CPU
		{B54E5806-3A8D-4F37-9AA4-2962AD9FE033}.ReleaseLinux|x64.Build.0 = ReleaseLinux|Any CPU
		{B54E5806-3A8D-4F37-9AA4-2962AD9FE033}.ReleaseLinux|x86.ActiveCfg = ReleaseLinux|Any CPU
		{B54E5806-3A8D-4F37-9AA4-2962AD9FE033}.ReleaseLinux|x86.Build.0 = ReleaseLinux|Any CPU
		{8E2A8BE5-7ABA-47B7-B4E3-2386E9DA88DF}.Debug|Any CPU.ActiveCfg = Debug|x64
		{8E2A8BE5-7ABA-47B7-B4E3-2386E9DA88DF}.Debug|Any CPU.Build.0 = Debug|x64
		{8E2A8BE5-7ABA-47B7-B4E3-2386E9DA88DF}.Debug|x64.ActiveCfg = Debug|x64
		{8E2A8BE5-7ABA-47B7-B4E3-2386E9DA88DF}.Debug|x64.Build.0 = Debug|x64
		{8E2A8BE5-7ABA-47B7-B4E3-2386E9DA88DF}.Debug|x86.ActiveCfg = Debug|x64
		{8E2A8BE5-7ABA-47B7-B4E3-2386E9DA88DF}.DebugLinux|Any CPU.ActiveCfg = Release|x86
		{8E2A8BE5-7ABA-47B7-B4E3-2386E9DA88DF}.DebugLinux|Any CPU.Build.0 = Release|x86
		{8E2A8BE5-7ABA-47B7-B4E3-2386E9DA88DF}.DebugLinux|x64.ActiveCfg = Debug|x64
		{8E2A8BE5-7ABA-47B7-B4E3-2386E9DA88DF}.DebugLinux|x64.Build.0 = Debug|x64
		{8E2A8BE5-7ABA-47B7-B4E3-2386E9DA88DF}.DebugLinux|x86.ActiveCfg = Debug|x86
		{8E2A8BE5-7ABA-47B7-B4E3-2386E9DA88DF}.DebugLinux|x86.Build.0 = Debug|x86
		{8E2A8BE5-7ABA-47B7-B4E3-2386E9DA88DF}.Release|Any CPU.ActiveCfg = Release|x64
		{8E2A8BE5-7ABA-47B7-B4E3-2386E9DA88DF}.Release|x64.ActiveCfg = Release|x64
		{8E2A8BE5-7ABA-47B7-B4E3-2386E9DA88DF}.Release|x64.Build.0 = Release|x64
		{8E2A8BE5-7ABA-47B7-B4E3-2386E9DA88DF}.Release|x86.ActiveCfg = Release|x64
		{8E2A8BE5-7ABA-47B7-B4E3-2386E9DA88DF}.ReleaseLinux|Any CPU.ActiveCfg = Release|x64
		{8E2A8BE5-7ABA-47B7-B4E3-2386E9DA88DF}.ReleaseLinux|Any CPU.Build.0 = Release|x64
		{8E2A8BE5-7ABA-47B7-B4E3-2386E9DA88DF}.ReleaseLinux|x64.ActiveCfg = Release|x64
		{8E2A8BE5-7ABA-47B7-B4E3-2386E9DA88DF}.ReleaseLinux|x64.Build.0 = Release|x64
		{8E2A8BE5-7ABA-47B7-B4E3-2386E9DA88DF}.ReleaseLinux|x86.ActiveCfg = Release|x64
		{8E2A8BE5-7ABA-47B7-B4E3-2386E9DA88DF}.ReleaseLinux|x86.Build.0 = Release|x64
		{3B985DD7-FE75-4002-A90D-0AF4D0CECA19}.Debug|Any CPU.ActiveCfg = Debug|x64
		{3B985DD7-FE75-4002-A90D-0AF4D0CECA19}.Debug|Any CPU.Build.0 = Debug|x64
		{3B985DD7-FE75-4002-A90D-0AF4D0CECA19}.Debug|x64.ActiveCfg = Debug|x64
		{3B985DD7-FE75-4002-A90D-0AF4D0CECA19}.Debug|x64.Build.0 = Debug|x64
		{3B985DD7-FE75-4002-A90D-0AF4D0CECA19}.Debug|x86.ActiveCfg = Debug|x64
		{3B985DD7-FE75-4002-A90D-0AF4D0CECA19}.DebugLinux|Any CPU.ActiveCfg = Release|x64
		{3B985DD7-FE75-4002-A90D-0AF4D0CECA19}.DebugLinux|Any CPU.Build.0 = Release|x64
		{3B985DD7-FE75-4002-A90D-0AF4D0CECA19}.DebugLinux|x64.ActiveCfg = Debug|x64
		{3B985DD7-FE75-4002-A90D-0AF4D0CECA19}.DebugLinux|x64.Build.0 = Debug|x64
		{3B985DD7-FE75-4002-A90D-0AF4D0CECA19}.DebugLinux|x86.ActiveCfg = Release|x64
		{3B985DD7-FE75-4002-A90D-0AF4D0CECA19}.DebugLinux|x86.Build.0 = Release|x64
		{3B985DD7-FE75-4002-A90D-0AF4D0CECA19}.Release|Any CPU.ActiveCfg = Release|x64
		{3B985DD7-FE75-4002-A90D-0AF4D0CECA19}.Release|x64.ActiveCfg = Release|x64
		{3B985DD7-FE75-4002-A90D-0AF4D0CECA19}.Release|x64.Build.0 = Release|x64
		{3B985DD7-FE75-4002-A90D-0AF4D0CECA19}.Release|x86.ActiveCfg = Release|x64
		{3B985DD7-FE75-4002-A90D-0AF4D0CECA19}.ReleaseLinux|Any CPU.ActiveCfg = Release|x64
		{3B985DD7-FE75-4002-A90D-0AF4D0CECA19}.ReleaseLinux|Any CPU.Build.0 = Release|x64
		{3B985DD7-FE75-4002-A90D-0AF4D0CECA19}.ReleaseLinux|x64.ActiveCfg = Release|x64
		{3B985DD7-FE75-4002-A90D-0AF4D0CECA19}.ReleaseLinux|x64.Build.0 = Release|x64
		{3B985DD7-FE75-4002-A90D-0AF4D0CECA19}.ReleaseLinux|x86.ActiveCfg = Release|x64
		{3B985DD7-FE75-4002-A90D-0AF4D0CECA19}.ReleaseLinux|x86.Build.0 = Release|x64
		{DB321BDD-AE53-4F77-84C3-815E9FA688D4}.Debug|Any CPU.ActiveCfg = Debug|x64
		{DB321BDD-AE53-4F77-84C3-815E9FA688D4}.Debug|Any CPU.Build.0 = Debug|x64
		{DB321BDD-AE53-4F77-84C3-815E9FA688D4}.Debug|x64.ActiveCfg = Debug|x64
		{DB321BDD-AE53-4F77-84C3-815E9FA688D4}.Debug|x64.Build.0 = Debug|x64
		{DB321BDD-AE53-4F77-84C3-815E9FA688D4}.Debug|x86.ActiveCfg = Debug|x64
		{DB321BDD-AE53-4F77-84C3-815E9FA688D4}.DebugLinux|Any CPU.ActiveCfg = Release|x64
		{DB321BDD-AE53-4F77-84C3-815E9FA688D4}.DebugLinux|Any CPU.Build.0 = Release|x64
		{DB321BDD-AE53-4F77-84C3-815E9FA688D4}.DebugLinux|x64.ActiveCfg = Debug|x64
		{DB321BDD-AE53-4F77-84C3-815E9FA688D4}.DebugLinux|x64.Build.0 = Debug|x64
		{DB321BDD-AE53-4F77-84C3-815E9FA688D4}.DebugLinux|x86.ActiveCfg = Release|x64
		{DB321BDD-AE53-4F77-84C3-815E9FA688D4}.DebugLinux|x86.Build.0 = Release|x64
		{DB321BDD-AE53-4F77-84C3-815E9FA688D4}.Release|Any CPU.ActiveCfg = Release|x64
		{DB321BDD-AE53-4F77-84C3-815E9FA688D4}.Release|x64.ActiveCfg = Release|x64
		{DB321BDD-AE53-4F77-84C3-815E9FA688D4}.Release|x64.Build.0 = Release|x64
		{DB321BDD-AE53-4F77-84C3-815E9FA688D4}.Release|x86.ActiveCfg = Release|x64
		{DB321BDD-AE53-4F77-84C3-815E9FA688D4}.ReleaseLinux|Any CPU.ActiveCfg = Release|x64
		{DB321BDD-AE53-4F77-84C3-815E9FA688D4}.ReleaseLinux|Any CPU.Build.0 = Release|x64
		{DB321BDD-AE53-4F77-84C3-815E9FA688D4}.ReleaseLinux|x64.ActiveCfg = Release|x64
		{DB321BDD-AE53-4F77-84C3-815E9FA688D4}.ReleaseLinux|x64.Build.0 = Release|x64
		{DB321BDD-AE53-4F77-84C3-815E9FA688D4}.ReleaseLinux|x86.ActiveCfg = Release|x64
		{DB321BDD-AE53-4F77-84C3-815E9FA688D4}.ReleaseLinux|x86.Build.0 = Release|x64
		{7A9BD1D4-6174-4E1B-8000-646946F123BB}.Debug|Any CPU.ActiveCfg = Debug|Any CPU
		{7A9BD1D4-6174-4E1B-8000-646946F123BB}.Debug|Any CPU.Build.0 = Debug|Any CPU
		{7A9BD1D4-6174-4E1B-8000-646946F123BB}.Debug|x64.ActiveCfg = Debug|Any CPU
		{7A9BD1D4-6174-4E1B-8000-646946F123BB}.Debug|x64.Build.0 = Debug|Any CPU
		{7A9BD1D4-6174-4E1B-8000-646946F123BB}.Debug|x86.ActiveCfg = Debug|Any CPU
		{7A9BD1D4-6174-4E1B-8000-646946F123BB}.Debug|x86.Build.0 = Debug|Any CPU
		{7A9BD1D4-6174-4E1B-8000-646946F123BB}.DebugLinux|Any CPU.ActiveCfg = DebugLinux|Any CPU
		{7A9BD1D4-6174-4E1B-8000-646946F123BB}.DebugLinux|Any CPU.Build.0 = DebugLinux|Any CPU
		{7A9BD1D4-6174-4E1B-8000-646946F123BB}.DebugLinux|x64.ActiveCfg = DebugLinux|Any CPU
		{7A9BD1D4-6174-4E1B-8000-646946F123BB}.DebugLinux|x64.Build.0 = DebugLinux|Any CPU
		{7A9BD1D4-6174-4E1B-8000-646946F123BB}.DebugLinux|x86.ActiveCfg = DebugLinux|Any CPU
		{7A9BD1D4-6174-4E1B-8000-646946F123BB}.DebugLinux|x86.Build.0 = DebugLinux|Any CPU
		{7A9BD1D4-6174-4E1B-8000-646946F123BB}.Release|Any CPU.ActiveCfg = Release|Any CPU
		{7A9BD1D4-6174-4E1B-8000-646946F123BB}.Release|Any CPU.Build.0 = Release|Any CPU
		{7A9BD1D4-6174-4E1B-8000-646946F123BB}.Release|x64.ActiveCfg = Release|Any CPU
		{7A9BD1D4-6174-4E1B-8000-646946F123BB}.Release|x64.Build.0 = Release|Any CPU
		{7A9BD1D4-6174-4E1B-8000-646946F123BB}.Release|x86.ActiveCfg = Release|Any CPU
		{7A9BD1D4-6174-4E1B-8000-646946F123BB}.Release|x86.Build.0 = Release|Any CPU
		{7A9BD1D4-6174-4E1B-8000-646946F123BB}.ReleaseLinux|Any CPU.ActiveCfg = ReleaseLinux|Any CPU
		{7A9BD1D4-6174-4E1B-8000-646946F123BB}.ReleaseLinux|Any CPU.Build.0 = ReleaseLinux|Any CPU
		{7A9BD1D4-6174-4E1B-8000-646946F123BB}.ReleaseLinux|x64.ActiveCfg = ReleaseLinux|Any CPU
		{7A9BD1D4-6174-4E1B-8000-646946F123BB}.ReleaseLinux|x64.Build.0 = ReleaseLinux|Any CPU
		{7A9BD1D4-6174-4E1B-8000-646946F123BB}.ReleaseLinux|x86.ActiveCfg = ReleaseLinux|Any CPU
		{7A9BD1D4-6174-4E1B-8000-646946F123BB}.ReleaseLinux|x86.Build.0 = ReleaseLinux|Any CPU
		{AF9D9003-92D4-4F81-BB1E-AA2406749FEC}.Debug|Any CPU.ActiveCfg = Debug|Any CPU
		{AF9D9003-92D4-4F81-BB1E-AA2406749FEC}.Debug|Any CPU.Build.0 = Debug|Any CPU
		{AF9D9003-92D4-4F81-BB1E-AA2406749FEC}.Debug|x64.ActiveCfg = Debug|Any CPU
		{AF9D9003-92D4-4F81-BB1E-AA2406749FEC}.Debug|x64.Build.0 = Debug|Any CPU
		{AF9D9003-92D4-4F81-BB1E-AA2406749FEC}.Debug|x86.ActiveCfg = Debug|Any CPU
		{AF9D9003-92D4-4F81-BB1E-AA2406749FEC}.Debug|x86.Build.0 = Debug|Any CPU
		{AF9D9003-92D4-4F81-BB1E-AA2406749FEC}.DebugLinux|Any CPU.ActiveCfg = DebugLinux|Any CPU
		{AF9D9003-92D4-4F81-BB1E-AA2406749FEC}.DebugLinux|Any CPU.Build.0 = DebugLinux|Any CPU
		{AF9D9003-92D4-4F81-BB1E-AA2406749FEC}.DebugLinux|x64.ActiveCfg = DebugLinux|Any CPU
		{AF9D9003-92D4-4F81-BB1E-AA2406749FEC}.DebugLinux|x64.Build.0 = DebugLinux|Any CPU
		{AF9D9003-92D4-4F81-BB1E-AA2406749FEC}.DebugLinux|x86.ActiveCfg = DebugLinux|Any CPU
		{AF9D9003-92D4-4F81-BB1E-AA2406749FEC}.DebugLinux|x86.Build.0 = DebugLinux|Any CPU
		{AF9D9003-92D4-4F81-BB1E-AA2406749FEC}.Release|Any CPU.ActiveCfg = Release|Any CPU
		{AF9D9003-92D4-4F81-BB1E-AA2406749FEC}.Release|Any CPU.Build.0 = Release|Any CPU
		{AF9D9003-92D4-4F81-BB1E-AA2406749FEC}.Release|x64.ActiveCfg = Release|Any CPU
		{AF9D9003-92D4-4F81-BB1E-AA2406749FEC}.Release|x64.Build.0 = Release|Any CPU
		{AF9D9003-92D4-4F81-BB1E-AA2406749FEC}.Release|x86.ActiveCfg = Release|Any CPU
		{AF9D9003-92D4-4F81-BB1E-AA2406749FEC}.Release|x86.Build.0 = Release|Any CPU
		{AF9D9003-92D4-4F81-BB1E-AA2406749FEC}.ReleaseLinux|Any CPU.ActiveCfg = ReleaseLinux|Any CPU
		{AF9D9003-92D4-4F81-BB1E-AA2406749FEC}.ReleaseLinux|Any CPU.Build.0 = ReleaseLinux|Any CPU
		{AF9D9003-92D4-4F81-BB1E-AA2406749FEC}.ReleaseLinux|x64.ActiveCfg = ReleaseLinux|Any CPU
		{AF9D9003-92D4-4F81-BB1E-AA2406749FEC}.ReleaseLinux|x64.Build.0 = ReleaseLinux|Any CPU
		{AF9D9003-92D4-4F81-BB1E-AA2406749FEC}.ReleaseLinux|x86.ActiveCfg = ReleaseLinux|Any CPU
		{AF9D9003-92D4-4F81-BB1E-AA2406749FEC}.ReleaseLinux|x86.Build.0 = ReleaseLinux|Any CPU
		{4C6976FC-11C3-4CF4-B421-3517815ADC88}.Debug|Any CPU.ActiveCfg = Debug|x64
		{4C6976FC-11C3-4CF4-B421-3517815ADC88}.Debug|Any CPU.Build.0 = Debug|x64
		{4C6976FC-11C3-4CF4-B421-3517815ADC88}.Debug|x64.ActiveCfg = Debug|x64
		{4C6976FC-11C3-4CF4-B421-3517815ADC88}.Debug|x64.Build.0 = Debug|x64
		{4C6976FC-11C3-4CF4-B421-3517815ADC88}.Debug|x86.ActiveCfg = Debug|x64
		{4C6976FC-11C3-4CF4-B421-3517815ADC88}.DebugLinux|Any CPU.ActiveCfg = Release|x64
		{4C6976FC-11C3-4CF4-B421-3517815ADC88}.DebugLinux|Any CPU.Build.0 = Release|x64
		{4C6976FC-11C3-4CF4-B421-3517815ADC88}.DebugLinux|x64.ActiveCfg = Debug|x64
		{4C6976FC-11C3-4CF4-B421-3517815ADC88}.DebugLinux|x64.Build.0 = Debug|x64
		{4C6976FC-11C3-4CF4-B421-3517815ADC88}.DebugLinux|x86.ActiveCfg = Release|x64
		{4C6976FC-11C3-4CF4-B421-3517815ADC88}.DebugLinux|x86.Build.0 = Release|x64
		{4C6976FC-11C3-4CF4-B421-3517815ADC88}.Release|Any CPU.ActiveCfg = Release|x64
		{4C6976FC-11C3-4CF4-B421-3517815ADC88}.Release|x64.ActiveCfg = Release|x64
		{4C6976FC-11C3-4CF4-B421-3517815ADC88}.Release|x64.Build.0 = Release|x64
		{4C6976FC-11C3-4CF4-B421-3517815ADC88}.Release|x86.ActiveCfg = Release|x64
		{4C6976FC-11C3-4CF4-B421-3517815ADC88}.ReleaseLinux|Any CPU.ActiveCfg = Release|x64
		{4C6976FC-11C3-4CF4-B421-3517815ADC88}.ReleaseLinux|Any CPU.Build.0 = Release|x64
		{4C6976FC-11C3-4CF4-B421-3517815ADC88}.ReleaseLinux|x64.ActiveCfg = Release|x64
		{4C6976FC-11C3-4CF4-B421-3517815ADC88}.ReleaseLinux|x64.Build.0 = Release|x64
		{4C6976FC-11C3-4CF4-B421-3517815ADC88}.ReleaseLinux|x86.ActiveCfg = Release|x64
		{4C6976FC-11C3-4CF4-B421-3517815ADC88}.ReleaseLinux|x86.Build.0 = Release|x64
	EndGlobalSection
	GlobalSection(SolutionProperties) = preSolution
		HideSolutionNode = FALSE
	EndGlobalSection
	GlobalSection(NestedProjects) = preSolution
		{482ED0C7-EB04-4A6A-A130-959717C22556} = {25C4FBF4-EF53-4E55-97E1-55587A5228CA}
		{03952732-BC74-45E4-9DE0-C59BC437C49B} = {25C4FBF4-EF53-4E55-97E1-55587A5228CA}
		{A94A1FB5-DBCE-4A39-8C90-CAE93B5CB675} = {25C4FBF4-EF53-4E55-97E1-55587A5228CA}
		{8E2A8BE5-7ABA-47B7-B4E3-2386E9DA88DF} = {3B2D7662-90A5-477A-B5DE-640154F73556}
		{3B985DD7-FE75-4002-A90D-0AF4D0CECA19} = {3B2D7662-90A5-477A-B5DE-640154F73556}
		{DB321BDD-AE53-4F77-84C3-815E9FA688D4} = {3B2D7662-90A5-477A-B5DE-640154F73556}
		{AF9D9003-92D4-4F81-BB1E-AA2406749FEC} = {25C4FBF4-EF53-4E55-97E1-55587A5228CA}
		{4C6976FC-11C3-4CF4-B421-3517815ADC88} = {25C4FBF4-EF53-4E55-97E1-55587A5228CA}
	EndGlobalSection
	GlobalSection(ExtensibilityGlobals) = postSolution
		SolutionGuid = {970C1133-7B56-4953-B1D8-AEA029C44561}
	EndGlobalSection
EndGlobal
