
Microsoft Visual Studio Solution File, Format Version 12.00
# Visual Studio 15
VisualStudioVersion = 15.0.27130.2020
MinimumVisualStudioVersion = 10.0.40219.1
Project("{9A19103F-16F7-4668-BE54-9A1E7A4F7556}") = "ChromelyAngularCefGlue", "ChromelyAngularCefGlue\ChromelyAngularCefGlue.csproj", "{81C6D3ED-B62E-49EC-886D-0140D6ACD0EF}"
EndProject
Project("{9A19103F-16F7-4668-BE54-9A1E7A4F7556}") = "ChromelyAngularCefSharp", "ChromelyAngularCefSharp\ChromelyAngularCefSharp.csproj", "{15DCA414-80C7-415C-8DD7-D032054EB7BE}"
EndProject
Project("{9A19103F-16F7-4668-BE54-9A1E7A4F7556}") = "ChromelyReactCefSharp", "ChromelyReactCefSharp\ChromelyReactCefSharp.csproj", "{A7012FC4-A631-4B62-957C-22E4668757D7}"
EndProject
Project("{FAE04EC0-301F-11D3-BF4B-00C04F79EFBC}") = "ChromelyVueCefSharp", "ChromelyVueCefSharp\ChromelyVueCefSharp.csproj", "{A89DA9AB-D47A-41CF-BB8F-86776B85E32F}"
EndProject
Global
	GlobalSection(SolutionConfigurationPlatforms) = preSolution
		Debug|Any CPU = Debug|Any CPU
		Debug|x64 = Debug|x64
		Release|Any CPU = Release|Any CPU
		Release|x64 = Release|x64
	EndGlobalSection
	GlobalSection(ProjectConfigurationPlatforms) = postSolution
		{81C6D3ED-B62E-49EC-886D-0140D6ACD0EF}.Debug|Any CPU.ActiveCfg = Debug|x64
		{81C6D3ED-B62E-49EC-886D-0140D6ACD0EF}.Debug|x64.ActiveCfg = Debug|x64
		{81C6D3ED-B62E-49EC-886D-0140D6ACD0EF}.Debug|x64.Build.0 = Debug|x64
		{81C6D3ED-B62E-49EC-886D-0140D6ACD0EF}.Release|Any CPU.ActiveCfg = Release|x64
		{81C6D3ED-B62E-49EC-886D-0140D6ACD0EF}.Release|x64.ActiveCfg = Release|x64
		{81C6D3ED-B62E-49EC-886D-0140D6ACD0EF}.Release|x64.Build.0 = Release|x64
		{15DCA414-80C7-415C-8DD7-D032054EB7BE}.Debug|Any CPU.ActiveCfg = Debug|x64
		{15DCA414-80C7-415C-8DD7-D032054EB7BE}.Debug|x64.ActiveCfg = Debug|x64
		{15DCA414-80C7-415C-8DD7-D032054EB7BE}.Debug|x64.Build.0 = Debug|x64
		{15DCA414-80C7-415C-8DD7-D032054EB7BE}.Release|Any CPU.ActiveCfg = Release|x64
		{15DCA414-80C7-415C-8DD7-D032054EB7BE}.Release|x64.ActiveCfg = Release|x64
		{15DCA414-80C7-415C-8DD7-D032054EB7BE}.Release|x64.Build.0 = Release|x64
		{A7012FC4-A631-4B62-957C-22E4668757D7}.Debug|Any CPU.ActiveCfg = Debug|x64
		{A7012FC4-A631-4B62-957C-22E4668757D7}.Debug|x64.ActiveCfg = Debug|x64
		{A7012FC4-A631-4B62-957C-22E4668757D7}.Debug|x64.Build.0 = Debug|x64
		{A7012FC4-A631-4B62-957C-22E4668757D7}.Release|Any CPU.ActiveCfg = Release|x64
		{A7012FC4-A631-4B62-957C-22E4668757D7}.Release|x64.ActiveCfg = Release|x64
		{A7012FC4-A631-4B62-957C-22E4668757D7}.Release|x64.Build.0 = Release|x64
		{A89DA9AB-D47A-41CF-BB8F-86776B85E32F}.Debug|Any CPU.ActiveCfg = Debug|x64
		{A89DA9AB-D47A-41CF-BB8F-86776B85E32F}.Debug|x64.ActiveCfg = Debug|x64
		{A89DA9AB-D47A-41CF-BB8F-86776B85E32F}.Debug|x64.Build.0 = Debug|x64
		{A89DA9AB-D47A-41CF-BB8F-86776B85E32F}.Release|Any CPU.ActiveCfg = Release|x64
		{A89DA9AB-D47A-41CF-BB8F-86776B85E32F}.Release|x64.ActiveCfg = Release|x64
		{A89DA9AB-D47A-41CF-BB8F-86776B85E32F}.Release|x64.Build.0 = Release|x64
	EndGlobalSection
	GlobalSection(SolutionProperties) = preSolution
		HideSolutionNode = FALSE
	EndGlobalSection
	GlobalSection(ExtensibilityGlobals) = postSolution
		SolutionGuid = {9BFF4EC5-0C81-4723-9AA0-F21D1E4ABF71}
	EndGlobalSection
EndGlobal
